
Microsoft Visual Studio Solution File, Format Version 12.00
# Visual Studio 2013
VisualStudioVersion = 12.0.40629.0
MinimumVisualStudioVersion = 10.0.40219.1
Project("{FAE04EC0-301F-11D3-BF4B-00C04F79EFBC}") = "Xafology.StringEvaluators", "Xafology.StringEvaluators\Xafology.StringEvaluators.csproj", "{5B146106-01EE-401F-A024-99C1BC2CC237}"
EndProject
Project("{FAE04EC0-301F-11D3-BF4B-00C04F79EFBC}") = "Xafology.ExpressApp", "Xafology.ExpressApp\Xafology.ExpressApp.csproj", "{D1D7AF11-8247-484C-8CB1-D15F1A8DEDC8}"
EndProject
Project("{FAE04EC0-301F-11D3-BF4B-00C04F79EFBC}") = "Xafology.ExpressApp.Web", "Xafology.ExpressApp.Web\Xafology.ExpressApp.Web.csproj", "{B9EF03FF-D05B-4FD4-A8E9-F90D819CB1DC}"
EndProject
Project("{FAE04EC0-301F-11D3-BF4B-00C04F79EFBC}") = "Xafology.ExpressApp.Win", "Xafology.ExpressApp.Win\Xafology.ExpressApp.Win.csproj", "{A0CBF966-805D-4532-8F04-2106E5C963F9}"
EndProject
Project("{FAE04EC0-301F-11D3-BF4B-00C04F79EFBC}") = "Xafology.Utils", "Xafology.Utils\Xafology.Utils.csproj", "{27104BF1-1EF2-47F5-B3DC-5CDCE2A41B08}"
EndProject
Project("{FAE04EC0-301F-11D3-BF4B-00C04F79EFBC}") = "Xafology.ExpressApp.Concurrency", "Xafology.ExpressApp.Concurrency\Xafology.ExpressApp.Concurrency.csproj", "{A7FF6A7B-37FF-425C-9620-4A528E104D5F}"
EndProject
Project("{FAE04EC0-301F-11D3-BF4B-00C04F79EFBC}") = "GenerateUserFriendlyId.Module", "GenerateUserFriendlyId.Module\GenerateUserFriendlyId.Module.csproj", "{484A8217-DD6B-4E8F-B47E-F1F64D03BBB6}"
EndProject
Project("{FAE04EC0-301F-11D3-BF4B-00C04F79EFBC}") = "Xafology.ExpressApp.MsoExcel", "Xafology.ExpressApp.MsoExcel\Xafology.ExpressApp.MsoExcel.csproj", "{996F0F42-B494-44C4-837F-DB831FD5D860}"
EndProject
Project("{FAE04EC0-301F-11D3-BF4B-00C04F79EFBC}") = "Xafology.ExpressApp.Layout", "Xafology.ExpressApp.Layout\Xafology.ExpressApp.Layout.csproj", "{5F15837D-D1E5-44DC-92F0-4F2EBE9C3F8D}"
EndProject
Project("{FAE04EC0-301F-11D3-BF4B-00C04F79EFBC}") = "Xafology.ExpressApp.Layout.Web", "Xafology.ExpressApp.Layout.Web\Xafology.ExpressApp.Layout.Web.csproj", "{0C729AAD-7626-4668-A7F1-35F7D240489D}"
EndProject
Project("{FAE04EC0-301F-11D3-BF4B-00C04F79EFBC}") = "Xafology.ExpressApp.Layout.Win", "Xafology.ExpressApp.Layout.Win\Xafology.ExpressApp.Layout.Win.csproj", "{7964F87D-BC5D-4C4E-8B2F-71E89739AA97}"
EndProject
Project("{FAE04EC0-301F-11D3-BF4B-00C04F79EFBC}") = "Xafology.ExpressApp.Xpo", "Xafology.ExpressApp.Xpo\Xafology.ExpressApp.Xpo.csproj", "{47EAA7DA-B85C-45A8-8E21-24FC12D56F65}"
EndProject
Project("{2150E333-8FDC-42A3-9474-1A3956D46DE8}") = ".nuget", ".nuget", "{309E3109-E83B-4DA5-887A-B0ED114E67B8}"
	ProjectSection(SolutionItems) = preProject
		.nuget\packages.config = .nuget\packages.config
	EndProjectSection
EndProject
Global
	GlobalSection(SolutionConfigurationPlatforms) = preSolution
		Debug|Any CPU = Debug|Any CPU
		Debug|x86 = Debug|x86
		EasyTest|Any CPU = EasyTest|Any CPU
		EasyTest|x86 = EasyTest|x86
		Release|Any CPU = Release|Any CPU
		Release|x86 = Release|x86
	EndGlobalSection
	GlobalSection(ProjectConfigurationPlatforms) = postSolution
		{5B146106-01EE-401F-A024-99C1BC2CC237}.Debug|Any CPU.ActiveCfg = Debug|Any CPU
		{5B146106-01EE-401F-A024-99C1BC2CC237}.Debug|Any CPU.Build.0 = Debug|Any CPU
		{5B146106-01EE-401F-A024-99C1BC2CC237}.Debug|x86.ActiveCfg = Debug|x86
		{5B146106-01EE-401F-A024-99C1BC2CC237}.Debug|x86.Build.0 = Debug|x86
		{5B146106-01EE-401F-A024-99C1BC2CC237}.EasyTest|Any CPU.ActiveCfg = Release|Any CPU
		{5B146106-01EE-401F-A024-99C1BC2CC237}.EasyTest|Any CPU.Build.0 = Release|Any CPU
		{5B146106-01EE-401F-A024-99C1BC2CC237}.EasyTest|x86.ActiveCfg = Release|x86
		{5B146106-01EE-401F-A024-99C1BC2CC237}.EasyTest|x86.Build.0 = Release|x86
		{5B146106-01EE-401F-A024-99C1BC2CC237}.Release|Any CPU.ActiveCfg = Release|Any CPU
		{5B146106-01EE-401F-A024-99C1BC2CC237}.Release|Any CPU.Build.0 = Release|Any CPU
		{5B146106-01EE-401F-A024-99C1BC2CC237}.Release|x86.ActiveCfg = Release|x86
		{5B146106-01EE-401F-A024-99C1BC2CC237}.Release|x86.Build.0 = Release|x86
		{D1D7AF11-8247-484C-8CB1-D15F1A8DEDC8}.Debug|Any CPU.ActiveCfg = Debug|Any CPU
		{D1D7AF11-8247-484C-8CB1-D15F1A8DEDC8}.Debug|Any CPU.Build.0 = Debug|Any CPU
		{D1D7AF11-8247-484C-8CB1-D15F1A8DEDC8}.Debug|x86.ActiveCfg = Debug|Any CPU
		{D1D7AF11-8247-484C-8CB1-D15F1A8DEDC8}.EasyTest|Any CPU.ActiveCfg = Release|Any CPU
		{D1D7AF11-8247-484C-8CB1-D15F1A8DEDC8}.EasyTest|Any CPU.Build.0 = Release|Any CPU
		{D1D7AF11-8247-484C-8CB1-D15F1A8DEDC8}.EasyTest|x86.ActiveCfg = Release|Any CPU
		{D1D7AF11-8247-484C-8CB1-D15F1A8DEDC8}.Release|Any CPU.ActiveCfg = Release|Any CPU
		{D1D7AF11-8247-484C-8CB1-D15F1A8DEDC8}.Release|Any CPU.Build.0 = Release|Any CPU
		{D1D7AF11-8247-484C-8CB1-D15F1A8DEDC8}.Release|x86.ActiveCfg = Release|Any CPU
		{B9EF03FF-D05B-4FD4-A8E9-F90D819CB1DC}.Debug|Any CPU.ActiveCfg = Debug|Any CPU
		{B9EF03FF-D05B-4FD4-A8E9-F90D819CB1DC}.Debug|Any CPU.Build.0 = Debug|Any CPU
		{B9EF03FF-D05B-4FD4-A8E9-F90D819CB1DC}.Debug|x86.ActiveCfg = Debug|Any CPU
		{B9EF03FF-D05B-4FD4-A8E9-F90D819CB1DC}.EasyTest|Any CPU.ActiveCfg = Release|Any CPU
		{B9EF03FF-D05B-4FD4-A8E9-F90D819CB1DC}.EasyTest|Any CPU.Build.0 = Release|Any CPU
		{B9EF03FF-D05B-4FD4-A8E9-F90D819CB1DC}.EasyTest|x86.ActiveCfg = Release|Any CPU
		{B9EF03FF-D05B-4FD4-A8E9-F90D819CB1DC}.Release|Any CPU.ActiveCfg = Release|Any CPU
		{B9EF03FF-D05B-4FD4-A8E9-F90D819CB1DC}.Release|Any CPU.Build.0 = Release|Any CPU
		{B9EF03FF-D05B-4FD4-A8E9-F90D819CB1DC}.Release|x86.ActiveCfg = Release|Any CPU
		{A0CBF966-805D-4532-8F04-2106E5C963F9}.Debug|Any CPU.ActiveCfg = Debug|Any CPU
		{A0CBF966-805D-4532-8F04-2106E5C963F9}.Debug|Any CPU.Build.0 = Debug|Any CPU
		{A0CBF966-805D-4532-8F04-2106E5C963F9}.Debug|x86.ActiveCfg = Debug|Any CPU
		{A0CBF966-805D-4532-8F04-2106E5C963F9}.EasyTest|Any CPU.ActiveCfg = Release|Any CPU
		{A0CBF966-805D-4532-8F04-2106E5C963F9}.EasyTest|Any CPU.Build.0 = Release|Any CPU
		{A0CBF966-805D-4532-8F04-2106E5C963F9}.EasyTest|x86.ActiveCfg = Release|Any CPU
		{A0CBF966-805D-4532-8F04-2106E5C963F9}.Release|Any CPU.ActiveCfg = Release|Any CPU
		{A0CBF966-805D-4532-8F04-2106E5C963F9}.Release|Any CPU.Build.0 = Release|Any CPU
		{A0CBF966-805D-4532-8F04-2106E5C963F9}.Release|x86.ActiveCfg = Release|Any CPU
		{27104BF1-1EF2-47F5-B3DC-5CDCE2A41B08}.Debug|Any CPU.ActiveCfg = Debug|Any CPU
		{27104BF1-1EF2-47F5-B3DC-5CDCE2A41B08}.Debug|Any CPU.Build.0 = Debug|Any CPU
		{27104BF1-1EF2-47F5-B3DC-5CDCE2A41B08}.Debug|x86.ActiveCfg = Debug|x86
		{27104BF1-1EF2-47F5-B3DC-5CDCE2A41B08}.Debug|x86.Build.0 = Debug|x86
		{27104BF1-1EF2-47F5-B3DC-5CDCE2A41B08}.EasyTest|Any CPU.ActiveCfg = Release|Any CPU
		{27104BF1-1EF2-47F5-B3DC-5CDCE2A41B08}.EasyTest|Any CPU.Build.0 = Release|Any CPU
		{27104BF1-1EF2-47F5-B3DC-5CDCE2A41B08}.EasyTest|x86.ActiveCfg = Release|x86
		{27104BF1-1EF2-47F5-B3DC-5CDCE2A41B08}.EasyTest|x86.Build.0 = Release|x86
		{27104BF1-1EF2-47F5-B3DC-5CDCE2A41B08}.Release|Any CPU.ActiveCfg = Release|Any CPU
		{27104BF1-1EF2-47F5-B3DC-5CDCE2A41B08}.Release|Any CPU.Build.0 = Release|Any CPU
		{27104BF1-1EF2-47F5-B3DC-5CDCE2A41B08}.Release|x86.ActiveCfg = Release|x86
		{27104BF1-1EF2-47F5-B3DC-5CDCE2A41B08}.Release|x86.Build.0 = Release|x86
		{A7FF6A7B-37FF-425C-9620-4A528E104D5F}.Debug|Any CPU.ActiveCfg = Debug|Any CPU
		{A7FF6A7B-37FF-425C-9620-4A528E104D5F}.Debug|Any CPU.Build.0 = Debug|Any CPU
		{A7FF6A7B-37FF-425C-9620-4A528E104D5F}.Debug|x86.ActiveCfg = Debug|Any CPU
		{A7FF6A7B-37FF-425C-9620-4A528E104D5F}.EasyTest|Any CPU.ActiveCfg = Release|Any CPU
		{A7FF6A7B-37FF-425C-9620-4A528E104D5F}.EasyTest|Any CPU.Build.0 = Release|Any CPU
		{A7FF6A7B-37FF-425C-9620-4A528E104D5F}.EasyTest|x86.ActiveCfg = Release|Any CPU
		{A7FF6A7B-37FF-425C-9620-4A528E104D5F}.Release|Any CPU.ActiveCfg = Release|Any CPU
		{A7FF6A7B-37FF-425C-9620-4A528E104D5F}.Release|Any CPU.Build.0 = Release|Any CPU
		{A7FF6A7B-37FF-425C-9620-4A528E104D5F}.Release|x86.ActiveCfg = Release|Any CPU
		{484A8217-DD6B-4E8F-B47E-F1F64D03BBB6}.Debug|Any CPU.ActiveCfg = Debug|Any CPU
		{484A8217-DD6B-4E8F-B47E-F1F64D03BBB6}.Debug|Any CPU.Build.0 = Debug|Any CPU
		{484A8217-DD6B-4E8F-B47E-F1F64D03BBB6}.Debug|x86.ActiveCfg = Debug|x86
		{484A8217-DD6B-4E8F-B47E-F1F64D03BBB6}.Debug|x86.Build.0 = Debug|x86
		{484A8217-DD6B-4E8F-B47E-F1F64D03BBB6}.EasyTest|Any CPU.ActiveCfg = EasyTest|Any CPU
		{484A8217-DD6B-4E8F-B47E-F1F64D03BBB6}.EasyTest|Any CPU.Build.0 = EasyTest|Any CPU
		{484A8217-DD6B-4E8F-B47E-F1F64D03BBB6}.EasyTest|x86.ActiveCfg = EasyTest|x86
		{484A8217-DD6B-4E8F-B47E-F1F64D03BBB6}.EasyTest|x86.Build.0 = EasyTest|x86
		{484A8217-DD6B-4E8F-B47E-F1F64D03BBB6}.Release|Any CPU.ActiveCfg = Release|Any CPU
		{484A8217-DD6B-4E8F-B47E-F1F64D03BBB6}.Release|Any CPU.Build.0 = Release|Any CPU
		{484A8217-DD6B-4E8F-B47E-F1F64D03BBB6}.Release|x86.ActiveCfg = Release|x86
		{484A8217-DD6B-4E8F-B47E-F1F64D03BBB6}.Release|x86.Build.0 = Release|x86
		{996F0F42-B494-44C4-837F-DB831FD5D860}.Debug|Any CPU.ActiveCfg = Debug|Any CPU
		{996F0F42-B494-44C4-837F-DB831FD5D860}.Debug|Any CPU.Build.0 = Debug|Any CPU
		{996F0F42-B494-44C4-837F-DB831FD5D860}.Debug|x86.ActiveCfg = Debug|Any CPU
		{996F0F42-B494-44C4-837F-DB831FD5D860}.EasyTest|Any CPU.ActiveCfg = Release|Any CPU
		{996F0F42-B494-44C4-837F-DB831FD5D860}.EasyTest|Any CPU.Build.0 = Release|Any CPU
		{996F0F42-B494-44C4-837F-DB831FD5D860}.EasyTest|x86.ActiveCfg = Release|Any CPU
		{996F0F42-B494-44C4-837F-DB831FD5D860}.Release|Any CPU.ActiveCfg = Release|Any CPU
		{996F0F42-B494-44C4-837F-DB831FD5D860}.Release|Any CPU.Build.0 = Release|Any CPU
		{996F0F42-B494-44C4-837F-DB831FD5D860}.Release|x86.ActiveCfg = Release|Any CPU
		{5F15837D-D1E5-44DC-92F0-4F2EBE9C3F8D}.Debug|Any CPU.ActiveCfg = Debug|Any CPU
		{5F15837D-D1E5-44DC-92F0-4F2EBE9C3F8D}.Debug|Any CPU.Build.0 = Debug|Any CPU
		{5F15837D-D1E5-44DC-92F0-4F2EBE9C3F8D}.Debug|x86.ActiveCfg = Debug|Any CPU
		{5F15837D-D1E5-44DC-92F0-4F2EBE9C3F8D}.EasyTest|Any CPU.ActiveCfg = EasyTest|Any CPU
		{5F15837D-D1E5-44DC-92F0-4F2EBE9C3F8D}.EasyTest|Any CPU.Build.0 = EasyTest|Any CPU
		{5F15837D-D1E5-44DC-92F0-4F2EBE9C3F8D}.EasyTest|x86.ActiveCfg = EasyTest|Any CPU
		{5F15837D-D1E5-44DC-92F0-4F2EBE9C3F8D}.Release|Any CPU.ActiveCfg = Release|Any CPU
		{5F15837D-D1E5-44DC-92F0-4F2EBE9C3F8D}.Release|Any CPU.Build.0 = Release|Any CPU
		{5F15837D-D1E5-44DC-92F0-4F2EBE9C3F8D}.Release|x86.ActiveCfg = Release|Any CPU
		{0C729AAD-7626-4668-A7F1-35F7D240489D}.Debug|Any CPU.ActiveCfg = Debug|Any CPU
		{0C729AAD-7626-4668-A7F1-35F7D240489D}.Debug|Any CPU.Build.0 = Debug|Any CPU
		{0C729AAD-7626-4668-A7F1-35F7D240489D}.Debug|x86.ActiveCfg = Debug|Any CPU
		{0C729AAD-7626-4668-A7F1-35F7D240489D}.EasyTest|Any CPU.ActiveCfg = EasyTest|Any CPU
		{0C729AAD-7626-4668-A7F1-35F7D240489D}.EasyTest|Any CPU.Build.0 = EasyTest|Any CPU
		{0C729AAD-7626-4668-A7F1-35F7D240489D}.EasyTest|x86.ActiveCfg = EasyTest|Any CPU
		{0C729AAD-7626-4668-A7F1-35F7D240489D}.Release|Any CPU.ActiveCfg = Release|Any CPU
		{0C729AAD-7626-4668-A7F1-35F7D240489D}.Release|Any CPU.Build.0 = Release|Any CPU
		{0C729AAD-7626-4668-A7F1-35F7D240489D}.Release|x86.ActiveCfg = Release|Any CPU
		{7964F87D-BC5D-4C4E-8B2F-71E89739AA97}.Debug|Any CPU.ActiveCfg = Debug|Any CPU
		{7964F87D-BC5D-4C4E-8B2F-71E89739AA97}.Debug|Any CPU.Build.0 = Debug|Any CPU
		{7964F87D-BC5D-4C4E-8B2F-71E89739AA97}.Debug|x86.ActiveCfg = Debug|Any CPU
		{7964F87D-BC5D-4C4E-8B2F-71E89739AA97}.EasyTest|Any CPU.ActiveCfg = EasyTest|Any CPU
		{7964F87D-BC5D-4C4E-8B2F-71E89739AA97}.EasyTest|Any CPU.Build.0 = EasyTest|Any CPU
		{7964F87D-BC5D-4C4E-8B2F-71E89739AA97}.EasyTest|x86.ActiveCfg = EasyTest|Any CPU
		{7964F87D-BC5D-4C4E-8B2F-71E89739AA97}.Release|Any CPU.ActiveCfg = Release|Any CPU
		{7964F87D-BC5D-4C4E-8B2F-71E89739AA97}.Release|Any CPU.Build.0 = Release|Any CPU
		{7964F87D-BC5D-4C4E-8B2F-71E89739AA97}.Release|x86.ActiveCfg = Release|Any CPU
		{47EAA7DA-B85C-45A8-8E21-24FC12D56F65}.Debug|Any CPU.ActiveCfg = Debug|Any CPU
		{47EAA7DA-B85C-45A8-8E21-24FC12D56F65}.Debug|Any CPU.Build.0 = Debug|Any CPU
		{47EAA7DA-B85C-45A8-8E21-24FC12D56F65}.Debug|x86.ActiveCfg = Debug|Any CPU
		{47EAA7DA-B85C-45A8-8E21-24FC12D56F65}.EasyTest|Any CPU.ActiveCfg = Release|Any CPU
		{47EAA7DA-B85C-45A8-8E21-24FC12D56F65}.EasyTest|Any CPU.Build.0 = Release|Any CPU
		{47EAA7DA-B85C-45A8-8E21-24FC12D56F65}.EasyTest|x86.ActiveCfg = Release|Any CPU
		{47EAA7DA-B85C-45A8-8E21-24FC12D56F65}.Release|Any CPU.ActiveCfg = Release|Any CPU
		{47EAA7DA-B85C-45A8-8E21-24FC12D56F65}.Release|Any CPU.Build.0 = Release|Any CPU
		{47EAA7DA-B85C-45A8-8E21-24FC12D56F65}.Release|x86.ActiveCfg = Release|Any CPU
	EndGlobalSection
	GlobalSection(SolutionProperties) = preSolution
		HideSolutionNode = FALSE
	EndGlobalSection
EndGlobal
