
Microsoft Visual Studio Solution File, Format Version 12.00
# Visual Studio 14
VisualStudioVersion = 14.0.24720.0
MinimumVisualStudioVersion = 10.0.40219.1
Project("{FAE04EC0-301F-11D3-BF4B-00C04F79EFBC}") = "Xafology.StringEvaluators", "Xafology.StringEvaluators\Xafology.StringEvaluators.csproj", "{5B146106-01EE-401F-A024-99C1BC2CC237}"
EndProject
Project("{FAE04EC0-301F-11D3-BF4B-00C04F79EFBC}") = "Xafology.ExpressApp", "Xafology.ExpressApp\Xafology.ExpressApp.csproj", "{D1D7AF11-8247-484C-8CB1-D15F1A8DEDC8}"
EndProject
Project("{FAE04EC0-301F-11D3-BF4B-00C04F79EFBC}") = "Xafology.ExpressApp.Web", "Xafology.ExpressApp.Web\Xafology.ExpressApp.Web.csproj", "{B9EF03FF-D05B-4FD4-A8E9-F90D819CB1DC}"
EndProject
Project("{FAE04EC0-301F-11D3-BF4B-00C04F79EFBC}") = "Xafology.ExpressApp.Win", "Xafology.ExpressApp.Win\Xafology.ExpressApp.Win.csproj", "{A0CBF966-805D-4532-8F04-2106E5C963F9}"
EndProject
Project("{FAE04EC0-301F-11D3-BF4B-00C04F79EFBC}") = "Xafology.Utils", "Xafology.Utils\Xafology.Utils.csproj", "{27104BF1-1EF2-47F5-B3DC-5CDCE2A41B08}"
EndProject
Project("{FAE04EC0-301F-11D3-BF4B-00C04F79EFBC}") = "Xafology.ExpressApp.Concurrency", "Xafology.ExpressApp.Concurrency\Xafology.ExpressApp.Concurrency.csproj", "{A7FF6A7B-37FF-425C-9620-4A528E104D5F}"
EndProject
Project("{FAE04EC0-301F-11D3-BF4B-00C04F79EFBC}") = "Xafology.ExpressApp.MsoExcel", "Xafology.ExpressApp.MsoExcel\Xafology.ExpressApp.MsoExcel.csproj", "{996F0F42-B494-44C4-837F-DB831FD5D860}"
EndProject
Project("{FAE04EC0-301F-11D3-BF4B-00C04F79EFBC}") = "Xafology.ExpressApp.Layout", "Xafology.ExpressApp.Layout\Xafology.ExpressApp.Layout.csproj", "{5F15837D-D1E5-44DC-92F0-4F2EBE9C3F8D}"
EndProject
Project("{FAE04EC0-301F-11D3-BF4B-00C04F79EFBC}") = "Xafology.ExpressApp.Layout.Web", "Xafology.ExpressApp.Layout.Web\Xafology.ExpressApp.Layout.Web.csproj", "{0C729AAD-7626-4668-A7F1-35F7D240489D}"
EndProject
Project("{FAE04EC0-301F-11D3-BF4B-00C04F79EFBC}") = "Xafology.ExpressApp.Layout.Win", "Xafology.ExpressApp.Layout.Win\Xafology.ExpressApp.Layout.Win.csproj", "{7964F87D-BC5D-4C4E-8B2F-71E89739AA97}"
EndProject
Project("{FAE04EC0-301F-11D3-BF4B-00C04F79EFBC}") = "Xafology.ExpressApp.Xpo", "Xafology.ExpressApp.Xpo\Xafology.ExpressApp.Xpo.csproj", "{47EAA7DA-B85C-45A8-8E21-24FC12D56F65}"
EndProject
Project("{2150E333-8FDC-42A3-9474-1A3956D46DE8}") = ".nuget", ".nuget", "{309E3109-E83B-4DA5-887A-B0ED114E67B8}"
	ProjectSection(SolutionItems) = preProject
		.nuget\packages.config = .nuget\packages.config
	EndProjectSection
EndProject
Project("{FAE04EC0-301F-11D3-BF4B-00C04F79EFBC}") = "Xafology.ExpressApp.PivotGrid", "Xafology.ExpressApp.PivotGrid\Xafology.ExpressApp.PivotGrid.csproj", "{B5C18C13-85C7-4749-9F2D-EF92D3692AD3}"
EndProject
Project("{FAE04EC0-301F-11D3-BF4B-00C04F79EFBC}") = "Xafology.ExpressApp.PivotGrid.Win", "Xafology.ExpressApp.PivotGrid.Win\Xafology.ExpressApp.PivotGrid.Win.csproj", "{7F289837-77A8-471C-9A42-F48F39B0A27D}"
EndProject
Project("{FAE04EC0-301F-11D3-BF4B-00C04F79EFBC}") = "Xafology.ExpressApp.PivotGridLayout.Win", "Xafology.ExpressApp.PivotGridLayout.Win\Xafology.ExpressApp.PivotGridLayout.Win.csproj", "{AFAF1C47-1D22-477C-AE2B-5054BA8F70F6}"
EndProject
Project("{FAE04EC0-301F-11D3-BF4B-00C04F79EFBC}") = "Xafology.ExpressApp.PivotGridLayout", "Xafology.ExpressApp.PivotGridLayout\Xafology.ExpressApp.PivotGridLayout.csproj", "{CEAB89B1-8D0D-4E61-8C36-2D8EFD2F202A}"
EndProject
Project("{FAE04EC0-301F-11D3-BF4B-00C04F79EFBC}") = "Xafology.ExpressApp.PivotGrid.Web", "Xafology.ExpressApp.PivotGrid.Web\Xafology.ExpressApp.PivotGrid.Web.csproj", "{1CE44561-0989-454F-B5CA-847E2EEFDE7C}"
EndProject
Project("{FAE04EC0-301F-11D3-BF4B-00C04F79EFBC}") = "Xafology.ExpressApp.PivotGridLayout.Web", "Xafology.ExpressApp.PivotGridLayout.Web\Xafology.ExpressApp.PivotGridLayout.Web.csproj", "{856E1953-586D-419D-BEB8-6D5D96ECAC86}"
EndProject
Project("{FAE04EC0-301F-11D3-BF4B-00C04F79EFBC}") = "Xafology.PivotGrid", "Xafology.PivotGrid\Xafology.PivotGrid.csproj", "{EEA547E8-5DF9-4BCE-995C-A2789F7E05B9}"
EndProject
Project("{FAE04EC0-301F-11D3-BF4B-00C04F79EFBC}") = "Xafology.Spreadsheet", "Xafology.Spreadsheet\Xafology.Spreadsheet.csproj", "{E8A8591E-FD7B-4E26-8DB2-872074F125EB}"
EndProject
Project("{FAE04EC0-301F-11D3-BF4B-00C04F79EFBC}") = "Xafology.SpreadsheetImpl", "Xafology.SpreadsheetImpl\Xafology.SpreadsheetImpl.csproj", "{06563356-2687-4BD0-827D-D48E673FE0CA}"
EndProject
Project("{FAE04EC0-301F-11D3-BF4B-00C04F79EFBC}") = "Xafology.TestUtils", "Xafology.Tests\Xafology.TestUtils.csproj", "{51E0010F-CD1D-47BB-894C-D9347E48EE44}"
EndProject
Project("{FAE04EC0-301F-11D3-BF4B-00C04F79EFBC}") = "Xafology.ExpressApp.Xpo.Import", "Xafology.ExpressApp.Xpo.Import\Xafology.ExpressApp.Xpo.Import.csproj", "{B0D86256-73E7-46D3-B728-346CA4190ECD}"
EndProject
Project("{2150E333-8FDC-42A3-9474-1A3956D46DE8}") = "Solution Items", "Solution Items", "{5BE2970C-5B07-4A0A-8CE0-4F5423AB72F9}"
	ProjectSection(SolutionItems) = preProject
		README.md = README.md
	EndProjectSection
EndProject
Project("{FAE04EC0-301F-11D3-BF4B-00C04F79EFBC}") = "Xafology.ExpressApp.Paste.Win", "Xafology.ExpressApp.Paste.Win\Xafology.ExpressApp.Paste.Win.csproj", "{9BC86782-A468-49C5-86B6-FE63DE695D7A}"
EndProject
Project("{2150E333-8FDC-42A3-9474-1A3956D46DE8}") = "Import", "Import", "{E48A1957-827E-4348-A762-499E2641D38F}"
EndProject
Project("{2150E333-8FDC-42A3-9474-1A3956D46DE8}") = "DevExpress", "DevExpress", "{37BF83B1-84DE-4093-8F06-F4FC8EAE1E4F}"
EndProject
Project("{2150E333-8FDC-42A3-9474-1A3956D46DE8}") = "Utils", "Utils", "{8F59E7E4-9606-4BAE-874D-01A3FF05034D}"
EndProject
Project("{2150E333-8FDC-42A3-9474-1A3956D46DE8}") = "Paste", "Paste", "{C3AC81AE-C988-41D0-ADB8-D91B663A7219}"
EndProject
Project("{FAE04EC0-301F-11D3-BF4B-00C04F79EFBC}") = "PasteDemo.Module", "Xafology.ExpressApp.Paste.Demo\PasteDemo.Module\PasteDemo.Module.csproj", "{DC2F3AA2-ABDB-469E-B260-5FD5E9501529}"
EndProject
Project("{FAE04EC0-301F-11D3-BF4B-00C04F79EFBC}") = "PasteDemo.Module.Win", "Xafology.ExpressApp.Paste.Demo\PasteDemo.Module.Win\PasteDemo.Module.Win.csproj", "{C71D9617-478D-4F1F-8434-286C67B8679B}"
EndProject
Project("{FAE04EC0-301F-11D3-BF4B-00C04F79EFBC}") = "PasteDemo.UnitTests", "Xafology.ExpressApp.Paste.Demo\PasteDemo.UnitTests\PasteDemo.UnitTests.csproj", "{D384BDBB-8B10-4DC2-97E9-044A2B3E2ED4}"
EndProject
Project("{FAE04EC0-301F-11D3-BF4B-00C04F79EFBC}") = "PasteDemo.Win", "Xafology.ExpressApp.Paste.Demo\PasteDemo.Win\PasteDemo.Win.csproj", "{D05D93DF-312D-4D4E-B980-726871EC7833}"
EndProject
Project("{FAE04EC0-301F-11D3-BF4B-00C04F79EFBC}") = "Xafology.ImportDemo.Module", "Xafology.ImportDemo\Xafology.ImportDemo.Module\Xafology.ImportDemo.Module.csproj", "{47334835-47A0-4256-91F9-529943F91C85}"
EndProject
Project("{FAE04EC0-301F-11D3-BF4B-00C04F79EFBC}") = "Xafology.ImportDemo.Module.Win", "Xafology.ImportDemo\Xafology.ImportDemo.Module.Win\Xafology.ImportDemo.Module.Win.csproj", "{EE735356-CD44-43A7-BF7C-C9AFC2FB866A}"
EndProject
Project("{FAE04EC0-301F-11D3-BF4B-00C04F79EFBC}") = "Xafology.ImportDemo.Module.Web", "Xafology.ImportDemo\Xafology.ImportDemo.Module.Web\Xafology.ImportDemo.Module.Web.csproj", "{A74D706D-9899-45E9-A305-98A6849739E0}"
EndProject
Project("{FAE04EC0-301F-11D3-BF4B-00C04F79EFBC}") = "Xafology.ImportDemo.Web", "Xafology.ImportDemo\Xafology.ImportDemo.Web\Xafology.ImportDemo.Web.csproj", "{82A6DBC9-B1B4-44E4-9718-55DF930CD349}"
EndProject
Project("{FAE04EC0-301F-11D3-BF4B-00C04F79EFBC}") = "Xafology.ImportDemo.Win", "Xafology.ImportDemo\Xafology.ImportDemo.Win\Xafology.ImportDemo.Win.csproj", "{5596BE8A-E00C-4DDA-B0BD-5BD6B47B0894}"
EndProject
Project("{FAE04EC0-301F-11D3-BF4B-00C04F79EFBC}") = "Xafology.ImportDemo.UnitTests", "Xafology.ImportDemo\Xafology.ImportDemo.UnitTests\Xafology.ImportDemo.UnitTests.csproj", "{76ECC1EF-1F7F-4EDA-B688-EB1462385B0C}"
EndProject
Project("{2150E333-8FDC-42A3-9474-1A3956D46DE8}") = "Batch", "Batch", "{8DD9E439-67A0-4332-A5FE-EE0E8F071875}"
EndProject
Project("{FAE04EC0-301F-11D3-BF4B-00C04F79EFBC}") = "Xafology.ExpressApp.BatchDelete", "Xafology.ExpressApp.BatchDelete\Xafology.ExpressApp.BatchDelete.csproj", "{5C705D59-B790-4C51-AD63-A93A9C161B78}"
EndProject
Project("{FAE04EC0-301F-11D3-BF4B-00C04F79EFBC}") = "Xafology.ExpressApp.BatchDelete.Web", "Xafology.ExpressApp.BatchDelete.Web\Xafology.ExpressApp.BatchDelete.Web.csproj", "{11D6C053-1B48-4201-BA55-4579C0D6A1FD}"
EndProject
Project("{2150E333-8FDC-42A3-9474-1A3956D46DE8}") = "ExcelReport", "ExcelReport", "{EE046C45-E078-4DC9-9461-7E905CE67BF4}"
EndProject
Project("{FAE04EC0-301F-11D3-BF4B-00C04F79EFBC}") = "Xafology.ExcelReportDemo.Module", "Xafology.ExcelReportDemo\Xafology.ExcelReportDemo.Module\Xafology.ExcelReportDemo.Module.csproj", "{C554F5D2-7295-4C65-BC70-AFBD251C51C8}"
EndProject
Project("{FAE04EC0-301F-11D3-BF4B-00C04F79EFBC}") = "Xafology.ExcelReportDemo.Module.Web", "Xafology.ExcelReportDemo\Xafology.ExcelReportDemo.Module.Web\Xafology.ExcelReportDemo.Module.Web.csproj", "{13B1168A-9129-4523-8565-4A3B6968AF2C}"
EndProject
Project("{FAE04EC0-301F-11D3-BF4B-00C04F79EFBC}") = "Xafology.ExcelReportDemo.Module.Win", "Xafology.ExcelReportDemo\Xafology.ExcelReportDemo.Module.Win\Xafology.ExcelReportDemo.Module.Win.csproj", "{C6F77575-7754-41EA-BC2E-A0BB3D838119}"
EndProject
Project("{FAE04EC0-301F-11D3-BF4B-00C04F79EFBC}") = "Xafology.ExcelReportDemo.Web", "Xafology.ExcelReportDemo\Xafology.ExcelReportDemo.Web\Xafology.ExcelReportDemo.Web.csproj", "{07F57354-223D-4AC0-AD8F-58743C33DEA2}"
EndProject
Project("{FAE04EC0-301F-11D3-BF4B-00C04F79EFBC}") = "Xafology.ExcelReportDemo.Win", "Xafology.ExcelReportDemo\Xafology.ExcelReportDemo.Win\Xafology.ExcelReportDemo.Win.csproj", "{A67A7ABA-88DA-4386-825E-0378EB462C6C}"
EndProject
Project("{FAE04EC0-301F-11D3-BF4B-00C04F79EFBC}") = "Xafology.BatchDemo.Module", "Xafology.BatchDemo.Module\Xafology.BatchDemo.Module.csproj", "{D405E707-AE60-4FC1-9F47-DD199479B063}"
EndProject
Project("{FAE04EC0-301F-11D3-BF4B-00C04F79EFBC}") = "Xafology.BatchDemo.Web", "Xafology.BatchDemo.Web\Xafology.BatchDemo.Web.csproj", "{5D1EB263-186E-4997-A799-1D7661F33140}"
EndProject
Project("{FAE04EC0-301F-11D3-BF4B-00C04F79EFBC}") = "Xafology.BatchDemo.Win", "Xafology.BatchDemo.Win\Xafology.BatchDemo.Win.csproj", "{05D167D7-A687-42D3-A3BC-10568CA39E0C}"
EndProject
Project("{FAE04EC0-301F-11D3-BF4B-00C04F79EFBC}") = "Xafology.ExpressApp.BatchDelete.Win", "Xafology.ExpressApp.BatchDelete.Win\Xafology.ExpressApp.BatchDelete.Win.csproj", "{4DF180EB-2B27-41C9-B439-6000C9F2936C}"
EndProject
Project("{FAE04EC0-301F-11D3-BF4B-00C04F79EFBC}") = "Xafology.Data", "Xafology.Data\Xafology.Data.csproj", "{AD7BA40A-EFB1-43BA-AC0A-1CA39087EA1F}"
EndProject
Project("{2150E333-8FDC-42A3-9474-1A3956D46DE8}") = "Demo", "Demo", "{5AD7BC31-EB8D-4C00-990E-4EC42EBAC634}"
EndProject
Project("{2150E333-8FDC-42A3-9474-1A3956D46DE8}") = "PivotGridLayout", "PivotGridLayout", "{17E6A5ED-68C0-4A24-9F2A-48C4052CF6E8}"
EndProject
Project("{FAE04EC0-301F-11D3-BF4B-00C04F79EFBC}") = "PivotGridLayoutDemo.Module", "Xafology.PivotGridLayoutDemo\PivotGridLayoutDemo.Module\PivotGridLayoutDemo.Module.csproj", "{54388EA2-1711-4C58-9AE9-E86EA935E1C5}"
EndProject
Project("{FAE04EC0-301F-11D3-BF4B-00C04F79EFBC}") = "PivotGridLayoutDemo.Module.Web", "Xafology.PivotGridLayoutDemo\PivotGridLayoutDemo.Module.Web\PivotGridLayoutDemo.Module.Web.csproj", "{5201A18B-D9DB-4DA1-9C7E-08CB950A7421}"
EndProject
Project("{FAE04EC0-301F-11D3-BF4B-00C04F79EFBC}") = "PivotGridLayoutDemo.Module.Win", "Xafology.PivotGridLayoutDemo\PivotGridLayoutDemo.Module.Win\PivotGridLayoutDemo.Module.Win.csproj", "{4A793AD7-2777-404E-B4F7-1F993FB104FE}"
EndProject
Project("{FAE04EC0-301F-11D3-BF4B-00C04F79EFBC}") = "PivotGridLayoutDemo.Web", "Xafology.PivotGridLayoutDemo\PivotGridLayoutDemo.Web\PivotGridLayoutDemo.Web.csproj", "{FB0AB9C9-24A7-4118-9A3F-8D3E0566725E}"
EndProject
Project("{FAE04EC0-301F-11D3-BF4B-00C04F79EFBC}") = "PivotGridLayoutDemo.Win", "Xafology.PivotGridLayoutDemo\PivotGridLayoutDemo.Win\PivotGridLayoutDemo.Win.csproj", "{57DAF918-7D5B-4EAA-A70C-5E580F36C4ED}"
EndProject
Global
	GlobalSection(SolutionConfigurationPlatforms) = preSolution
		Debug|Any CPU = Debug|Any CPU
		Debug|x86 = Debug|x86
		EasyTest|Any CPU = EasyTest|Any CPU
		EasyTest|x86 = EasyTest|x86
		Release|Any CPU = Release|Any CPU
		Release|x86 = Release|x86
	EndGlobalSection
	GlobalSection(ProjectConfigurationPlatforms) = postSolution
		{5B146106-01EE-401F-A024-99C1BC2CC237}.Debug|Any CPU.ActiveCfg = Debug|Any CPU
		{5B146106-01EE-401F-A024-99C1BC2CC237}.Debug|Any CPU.Build.0 = Debug|Any CPU
		{5B146106-01EE-401F-A024-99C1BC2CC237}.Debug|x86.ActiveCfg = Debug|x86
		{5B146106-01EE-401F-A024-99C1BC2CC237}.Debug|x86.Build.0 = Debug|x86
		{5B146106-01EE-401F-A024-99C1BC2CC237}.EasyTest|Any CPU.ActiveCfg = Release|Any CPU
		{5B146106-01EE-401F-A024-99C1BC2CC237}.EasyTest|Any CPU.Build.0 = Release|Any CPU
		{5B146106-01EE-401F-A024-99C1BC2CC237}.EasyTest|x86.ActiveCfg = Release|x86
		{5B146106-01EE-401F-A024-99C1BC2CC237}.EasyTest|x86.Build.0 = Release|x86
		{5B146106-01EE-401F-A024-99C1BC2CC237}.Release|Any CPU.ActiveCfg = Release|Any CPU
		{5B146106-01EE-401F-A024-99C1BC2CC237}.Release|Any CPU.Build.0 = Release|Any CPU
		{5B146106-01EE-401F-A024-99C1BC2CC237}.Release|x86.ActiveCfg = Release|x86
		{5B146106-01EE-401F-A024-99C1BC2CC237}.Release|x86.Build.0 = Release|x86
		{D1D7AF11-8247-484C-8CB1-D15F1A8DEDC8}.Debug|Any CPU.ActiveCfg = Debug|Any CPU
		{D1D7AF11-8247-484C-8CB1-D15F1A8DEDC8}.Debug|Any CPU.Build.0 = Debug|Any CPU
		{D1D7AF11-8247-484C-8CB1-D15F1A8DEDC8}.Debug|x86.ActiveCfg = Debug|Any CPU
		{D1D7AF11-8247-484C-8CB1-D15F1A8DEDC8}.EasyTest|Any CPU.ActiveCfg = Release|Any CPU
		{D1D7AF11-8247-484C-8CB1-D15F1A8DEDC8}.EasyTest|Any CPU.Build.0 = Release|Any CPU
		{D1D7AF11-8247-484C-8CB1-D15F1A8DEDC8}.EasyTest|x86.ActiveCfg = Release|Any CPU
		{D1D7AF11-8247-484C-8CB1-D15F1A8DEDC8}.Release|Any CPU.ActiveCfg = Release|Any CPU
		{D1D7AF11-8247-484C-8CB1-D15F1A8DEDC8}.Release|Any CPU.Build.0 = Release|Any CPU
		{D1D7AF11-8247-484C-8CB1-D15F1A8DEDC8}.Release|x86.ActiveCfg = Release|Any CPU
		{B9EF03FF-D05B-4FD4-A8E9-F90D819CB1DC}.Debug|Any CPU.ActiveCfg = Debug|Any CPU
		{B9EF03FF-D05B-4FD4-A8E9-F90D819CB1DC}.Debug|Any CPU.Build.0 = Debug|Any CPU
		{B9EF03FF-D05B-4FD4-A8E9-F90D819CB1DC}.Debug|x86.ActiveCfg = Debug|Any CPU
		{B9EF03FF-D05B-4FD4-A8E9-F90D819CB1DC}.EasyTest|Any CPU.ActiveCfg = Release|Any CPU
		{B9EF03FF-D05B-4FD4-A8E9-F90D819CB1DC}.EasyTest|Any CPU.Build.0 = Release|Any CPU
		{B9EF03FF-D05B-4FD4-A8E9-F90D819CB1DC}.EasyTest|x86.ActiveCfg = Release|Any CPU
		{B9EF03FF-D05B-4FD4-A8E9-F90D819CB1DC}.Release|Any CPU.ActiveCfg = Release|Any CPU
		{B9EF03FF-D05B-4FD4-A8E9-F90D819CB1DC}.Release|Any CPU.Build.0 = Release|Any CPU
		{B9EF03FF-D05B-4FD4-A8E9-F90D819CB1DC}.Release|x86.ActiveCfg = Release|Any CPU
		{A0CBF966-805D-4532-8F04-2106E5C963F9}.Debug|Any CPU.ActiveCfg = Debug|Any CPU
		{A0CBF966-805D-4532-8F04-2106E5C963F9}.Debug|Any CPU.Build.0 = Debug|Any CPU
		{A0CBF966-805D-4532-8F04-2106E5C963F9}.Debug|x86.ActiveCfg = Debug|Any CPU
		{A0CBF966-805D-4532-8F04-2106E5C963F9}.EasyTest|Any CPU.ActiveCfg = Release|Any CPU
		{A0CBF966-805D-4532-8F04-2106E5C963F9}.EasyTest|Any CPU.Build.0 = Release|Any CPU
		{A0CBF966-805D-4532-8F04-2106E5C963F9}.EasyTest|x86.ActiveCfg = Release|Any CPU
		{A0CBF966-805D-4532-8F04-2106E5C963F9}.Release|Any CPU.ActiveCfg = Release|Any CPU
		{A0CBF966-805D-4532-8F04-2106E5C963F9}.Release|Any CPU.Build.0 = Release|Any CPU
		{A0CBF966-805D-4532-8F04-2106E5C963F9}.Release|x86.ActiveCfg = Release|Any CPU
		{27104BF1-1EF2-47F5-B3DC-5CDCE2A41B08}.Debug|Any CPU.ActiveCfg = Debug|Any CPU
		{27104BF1-1EF2-47F5-B3DC-5CDCE2A41B08}.Debug|Any CPU.Build.0 = Debug|Any CPU
		{27104BF1-1EF2-47F5-B3DC-5CDCE2A41B08}.Debug|x86.ActiveCfg = Debug|x86
		{27104BF1-1EF2-47F5-B3DC-5CDCE2A41B08}.Debug|x86.Build.0 = Debug|x86
		{27104BF1-1EF2-47F5-B3DC-5CDCE2A41B08}.EasyTest|Any CPU.ActiveCfg = Release|Any CPU
		{27104BF1-1EF2-47F5-B3DC-5CDCE2A41B08}.EasyTest|Any CPU.Build.0 = Release|Any CPU
		{27104BF1-1EF2-47F5-B3DC-5CDCE2A41B08}.EasyTest|x86.ActiveCfg = Release|x86
		{27104BF1-1EF2-47F5-B3DC-5CDCE2A41B08}.EasyTest|x86.Build.0 = Release|x86
		{27104BF1-1EF2-47F5-B3DC-5CDCE2A41B08}.Release|Any CPU.ActiveCfg = Release|Any CPU
		{27104BF1-1EF2-47F5-B3DC-5CDCE2A41B08}.Release|Any CPU.Build.0 = Release|Any CPU
		{27104BF1-1EF2-47F5-B3DC-5CDCE2A41B08}.Release|x86.ActiveCfg = Release|x86
		{27104BF1-1EF2-47F5-B3DC-5CDCE2A41B08}.Release|x86.Build.0 = Release|x86
		{A7FF6A7B-37FF-425C-9620-4A528E104D5F}.Debug|Any CPU.ActiveCfg = Debug|Any CPU
		{A7FF6A7B-37FF-425C-9620-4A528E104D5F}.Debug|Any CPU.Build.0 = Debug|Any CPU
		{A7FF6A7B-37FF-425C-9620-4A528E104D5F}.Debug|x86.ActiveCfg = Debug|Any CPU
		{A7FF6A7B-37FF-425C-9620-4A528E104D5F}.EasyTest|Any CPU.ActiveCfg = Release|Any CPU
		{A7FF6A7B-37FF-425C-9620-4A528E104D5F}.EasyTest|Any CPU.Build.0 = Release|Any CPU
		{A7FF6A7B-37FF-425C-9620-4A528E104D5F}.EasyTest|x86.ActiveCfg = Release|Any CPU
		{A7FF6A7B-37FF-425C-9620-4A528E104D5F}.Release|Any CPU.ActiveCfg = Release|Any CPU
		{A7FF6A7B-37FF-425C-9620-4A528E104D5F}.Release|Any CPU.Build.0 = Release|Any CPU
		{A7FF6A7B-37FF-425C-9620-4A528E104D5F}.Release|x86.ActiveCfg = Release|Any CPU
		{996F0F42-B494-44C4-837F-DB831FD5D860}.Debug|Any CPU.ActiveCfg = Debug|Any CPU
		{996F0F42-B494-44C4-837F-DB831FD5D860}.Debug|Any CPU.Build.0 = Debug|Any CPU
		{996F0F42-B494-44C4-837F-DB831FD5D860}.Debug|x86.ActiveCfg = Debug|Any CPU
		{996F0F42-B494-44C4-837F-DB831FD5D860}.EasyTest|Any CPU.ActiveCfg = Release|Any CPU
		{996F0F42-B494-44C4-837F-DB831FD5D860}.EasyTest|Any CPU.Build.0 = Release|Any CPU
		{996F0F42-B494-44C4-837F-DB831FD5D860}.EasyTest|x86.ActiveCfg = Release|Any CPU
		{996F0F42-B494-44C4-837F-DB831FD5D860}.Release|Any CPU.ActiveCfg = Release|Any CPU
		{996F0F42-B494-44C4-837F-DB831FD5D860}.Release|Any CPU.Build.0 = Release|Any CPU
		{996F0F42-B494-44C4-837F-DB831FD5D860}.Release|x86.ActiveCfg = Release|Any CPU
		{5F15837D-D1E5-44DC-92F0-4F2EBE9C3F8D}.Debug|Any CPU.ActiveCfg = Debug|Any CPU
		{5F15837D-D1E5-44DC-92F0-4F2EBE9C3F8D}.Debug|Any CPU.Build.0 = Debug|Any CPU
		{5F15837D-D1E5-44DC-92F0-4F2EBE9C3F8D}.Debug|x86.ActiveCfg = Debug|Any CPU
		{5F15837D-D1E5-44DC-92F0-4F2EBE9C3F8D}.EasyTest|Any CPU.ActiveCfg = EasyTest|Any CPU
		{5F15837D-D1E5-44DC-92F0-4F2EBE9C3F8D}.EasyTest|Any CPU.Build.0 = EasyTest|Any CPU
		{5F15837D-D1E5-44DC-92F0-4F2EBE9C3F8D}.EasyTest|x86.ActiveCfg = EasyTest|Any CPU
		{5F15837D-D1E5-44DC-92F0-4F2EBE9C3F8D}.Release|Any CPU.ActiveCfg = Release|Any CPU
		{5F15837D-D1E5-44DC-92F0-4F2EBE9C3F8D}.Release|Any CPU.Build.0 = Release|Any CPU
		{5F15837D-D1E5-44DC-92F0-4F2EBE9C3F8D}.Release|x86.ActiveCfg = Release|Any CPU
		{0C729AAD-7626-4668-A7F1-35F7D240489D}.Debug|Any CPU.ActiveCfg = Debug|Any CPU
		{0C729AAD-7626-4668-A7F1-35F7D240489D}.Debug|Any CPU.Build.0 = Debug|Any CPU
		{0C729AAD-7626-4668-A7F1-35F7D240489D}.Debug|x86.ActiveCfg = Debug|Any CPU
		{0C729AAD-7626-4668-A7F1-35F7D240489D}.EasyTest|Any CPU.ActiveCfg = EasyTest|Any CPU
		{0C729AAD-7626-4668-A7F1-35F7D240489D}.EasyTest|Any CPU.Build.0 = EasyTest|Any CPU
		{0C729AAD-7626-4668-A7F1-35F7D240489D}.EasyTest|x86.ActiveCfg = EasyTest|Any CPU
		{0C729AAD-7626-4668-A7F1-35F7D240489D}.Release|Any CPU.ActiveCfg = Release|Any CPU
		{0C729AAD-7626-4668-A7F1-35F7D240489D}.Release|Any CPU.Build.0 = Release|Any CPU
		{0C729AAD-7626-4668-A7F1-35F7D240489D}.Release|x86.ActiveCfg = Release|Any CPU
		{7964F87D-BC5D-4C4E-8B2F-71E89739AA97}.Debug|Any CPU.ActiveCfg = Debug|Any CPU
		{7964F87D-BC5D-4C4E-8B2F-71E89739AA97}.Debug|Any CPU.Build.0 = Debug|Any CPU
		{7964F87D-BC5D-4C4E-8B2F-71E89739AA97}.Debug|x86.ActiveCfg = Debug|Any CPU
		{7964F87D-BC5D-4C4E-8B2F-71E89739AA97}.EasyTest|Any CPU.ActiveCfg = EasyTest|Any CPU
		{7964F87D-BC5D-4C4E-8B2F-71E89739AA97}.EasyTest|Any CPU.Build.0 = EasyTest|Any CPU
		{7964F87D-BC5D-4C4E-8B2F-71E89739AA97}.EasyTest|x86.ActiveCfg = EasyTest|Any CPU
		{7964F87D-BC5D-4C4E-8B2F-71E89739AA97}.Release|Any CPU.ActiveCfg = Release|Any CPU
		{7964F87D-BC5D-4C4E-8B2F-71E89739AA97}.Release|Any CPU.Build.0 = Release|Any CPU
		{7964F87D-BC5D-4C4E-8B2F-71E89739AA97}.Release|x86.ActiveCfg = Release|Any CPU
		{47EAA7DA-B85C-45A8-8E21-24FC12D56F65}.Debug|Any CPU.ActiveCfg = Debug|Any CPU
		{47EAA7DA-B85C-45A8-8E21-24FC12D56F65}.Debug|Any CPU.Build.0 = Debug|Any CPU
		{47EAA7DA-B85C-45A8-8E21-24FC12D56F65}.Debug|x86.ActiveCfg = Debug|Any CPU
		{47EAA7DA-B85C-45A8-8E21-24FC12D56F65}.EasyTest|Any CPU.ActiveCfg = Release|Any CPU
		{47EAA7DA-B85C-45A8-8E21-24FC12D56F65}.EasyTest|Any CPU.Build.0 = Release|Any CPU
		{47EAA7DA-B85C-45A8-8E21-24FC12D56F65}.EasyTest|x86.ActiveCfg = Release|Any CPU
		{47EAA7DA-B85C-45A8-8E21-24FC12D56F65}.Release|Any CPU.ActiveCfg = Release|Any CPU
		{47EAA7DA-B85C-45A8-8E21-24FC12D56F65}.Release|Any CPU.Build.0 = Release|Any CPU
		{47EAA7DA-B85C-45A8-8E21-24FC12D56F65}.Release|x86.ActiveCfg = Release|Any CPU
		{B5C18C13-85C7-4749-9F2D-EF92D3692AD3}.Debug|Any CPU.ActiveCfg = Debug|Any CPU
		{B5C18C13-85C7-4749-9F2D-EF92D3692AD3}.Debug|Any CPU.Build.0 = Debug|Any CPU
		{B5C18C13-85C7-4749-9F2D-EF92D3692AD3}.Debug|x86.ActiveCfg = Debug|x86
		{B5C18C13-85C7-4749-9F2D-EF92D3692AD3}.Debug|x86.Build.0 = Debug|x86
		{B5C18C13-85C7-4749-9F2D-EF92D3692AD3}.EasyTest|Any CPU.ActiveCfg = Release|Any CPU
		{B5C18C13-85C7-4749-9F2D-EF92D3692AD3}.EasyTest|Any CPU.Build.0 = Release|Any CPU
		{B5C18C13-85C7-4749-9F2D-EF92D3692AD3}.EasyTest|x86.ActiveCfg = Release|x86
		{B5C18C13-85C7-4749-9F2D-EF92D3692AD3}.EasyTest|x86.Build.0 = Release|x86
		{B5C18C13-85C7-4749-9F2D-EF92D3692AD3}.Release|Any CPU.ActiveCfg = Release|Any CPU
		{B5C18C13-85C7-4749-9F2D-EF92D3692AD3}.Release|Any CPU.Build.0 = Release|Any CPU
		{B5C18C13-85C7-4749-9F2D-EF92D3692AD3}.Release|x86.ActiveCfg = Release|x86
		{B5C18C13-85C7-4749-9F2D-EF92D3692AD3}.Release|x86.Build.0 = Release|x86
		{7F289837-77A8-471C-9A42-F48F39B0A27D}.Debug|Any CPU.ActiveCfg = Debug|Any CPU
		{7F289837-77A8-471C-9A42-F48F39B0A27D}.Debug|Any CPU.Build.0 = Debug|Any CPU
		{7F289837-77A8-471C-9A42-F48F39B0A27D}.Debug|x86.ActiveCfg = Debug|x86
		{7F289837-77A8-471C-9A42-F48F39B0A27D}.Debug|x86.Build.0 = Debug|x86
		{7F289837-77A8-471C-9A42-F48F39B0A27D}.EasyTest|Any CPU.ActiveCfg = Release|Any CPU
		{7F289837-77A8-471C-9A42-F48F39B0A27D}.EasyTest|Any CPU.Build.0 = Release|Any CPU
		{7F289837-77A8-471C-9A42-F48F39B0A27D}.EasyTest|x86.ActiveCfg = Release|x86
		{7F289837-77A8-471C-9A42-F48F39B0A27D}.EasyTest|x86.Build.0 = Release|x86
		{7F289837-77A8-471C-9A42-F48F39B0A27D}.Release|Any CPU.ActiveCfg = Release|Any CPU
		{7F289837-77A8-471C-9A42-F48F39B0A27D}.Release|Any CPU.Build.0 = Release|Any CPU
		{7F289837-77A8-471C-9A42-F48F39B0A27D}.Release|x86.ActiveCfg = Release|x86
		{7F289837-77A8-471C-9A42-F48F39B0A27D}.Release|x86.Build.0 = Release|x86
		{AFAF1C47-1D22-477C-AE2B-5054BA8F70F6}.Debug|Any CPU.ActiveCfg = Debug|Any CPU
		{AFAF1C47-1D22-477C-AE2B-5054BA8F70F6}.Debug|Any CPU.Build.0 = Debug|Any CPU
		{AFAF1C47-1D22-477C-AE2B-5054BA8F70F6}.Debug|x86.ActiveCfg = Debug|Any CPU
		{AFAF1C47-1D22-477C-AE2B-5054BA8F70F6}.EasyTest|Any CPU.ActiveCfg = EasyTest|Any CPU
		{AFAF1C47-1D22-477C-AE2B-5054BA8F70F6}.EasyTest|Any CPU.Build.0 = EasyTest|Any CPU
		{AFAF1C47-1D22-477C-AE2B-5054BA8F70F6}.EasyTest|x86.ActiveCfg = EasyTest|Any CPU
		{AFAF1C47-1D22-477C-AE2B-5054BA8F70F6}.Release|Any CPU.ActiveCfg = Release|Any CPU
		{AFAF1C47-1D22-477C-AE2B-5054BA8F70F6}.Release|Any CPU.Build.0 = Release|Any CPU
		{AFAF1C47-1D22-477C-AE2B-5054BA8F70F6}.Release|x86.ActiveCfg = Release|Any CPU
		{CEAB89B1-8D0D-4E61-8C36-2D8EFD2F202A}.Debug|Any CPU.ActiveCfg = Debug|Any CPU
		{CEAB89B1-8D0D-4E61-8C36-2D8EFD2F202A}.Debug|Any CPU.Build.0 = Debug|Any CPU
		{CEAB89B1-8D0D-4E61-8C36-2D8EFD2F202A}.Debug|x86.ActiveCfg = Debug|Any CPU
		{CEAB89B1-8D0D-4E61-8C36-2D8EFD2F202A}.EasyTest|Any CPU.ActiveCfg = EasyTest|Any CPU
		{CEAB89B1-8D0D-4E61-8C36-2D8EFD2F202A}.EasyTest|Any CPU.Build.0 = EasyTest|Any CPU
		{CEAB89B1-8D0D-4E61-8C36-2D8EFD2F202A}.EasyTest|x86.ActiveCfg = EasyTest|Any CPU
		{CEAB89B1-8D0D-4E61-8C36-2D8EFD2F202A}.Release|Any CPU.ActiveCfg = Release|Any CPU
		{CEAB89B1-8D0D-4E61-8C36-2D8EFD2F202A}.Release|Any CPU.Build.0 = Release|Any CPU
		{CEAB89B1-8D0D-4E61-8C36-2D8EFD2F202A}.Release|x86.ActiveCfg = Release|Any CPU
		{1CE44561-0989-454F-B5CA-847E2EEFDE7C}.Debug|Any CPU.ActiveCfg = Debug|Any CPU
		{1CE44561-0989-454F-B5CA-847E2EEFDE7C}.Debug|Any CPU.Build.0 = Debug|Any CPU
		{1CE44561-0989-454F-B5CA-847E2EEFDE7C}.Debug|x86.ActiveCfg = Debug|x86
		{1CE44561-0989-454F-B5CA-847E2EEFDE7C}.Debug|x86.Build.0 = Debug|x86
		{1CE44561-0989-454F-B5CA-847E2EEFDE7C}.EasyTest|Any CPU.ActiveCfg = Release|Any CPU
		{1CE44561-0989-454F-B5CA-847E2EEFDE7C}.EasyTest|Any CPU.Build.0 = Release|Any CPU
		{1CE44561-0989-454F-B5CA-847E2EEFDE7C}.EasyTest|x86.ActiveCfg = Release|x86
		{1CE44561-0989-454F-B5CA-847E2EEFDE7C}.EasyTest|x86.Build.0 = Release|x86
		{1CE44561-0989-454F-B5CA-847E2EEFDE7C}.Release|Any CPU.ActiveCfg = Release|Any CPU
		{1CE44561-0989-454F-B5CA-847E2EEFDE7C}.Release|Any CPU.Build.0 = Release|Any CPU
		{1CE44561-0989-454F-B5CA-847E2EEFDE7C}.Release|x86.ActiveCfg = Release|x86
		{1CE44561-0989-454F-B5CA-847E2EEFDE7C}.Release|x86.Build.0 = Release|x86
		{856E1953-586D-419D-BEB8-6D5D96ECAC86}.Debug|Any CPU.ActiveCfg = Debug|Any CPU
		{856E1953-586D-419D-BEB8-6D5D96ECAC86}.Debug|Any CPU.Build.0 = Debug|Any CPU
		{856E1953-586D-419D-BEB8-6D5D96ECAC86}.Debug|x86.ActiveCfg = Debug|Any CPU
		{856E1953-586D-419D-BEB8-6D5D96ECAC86}.EasyTest|Any CPU.ActiveCfg = EasyTest|Any CPU
		{856E1953-586D-419D-BEB8-6D5D96ECAC86}.EasyTest|Any CPU.Build.0 = EasyTest|Any CPU
		{856E1953-586D-419D-BEB8-6D5D96ECAC86}.EasyTest|x86.ActiveCfg = EasyTest|Any CPU
		{856E1953-586D-419D-BEB8-6D5D96ECAC86}.Release|Any CPU.ActiveCfg = Release|Any CPU
		{856E1953-586D-419D-BEB8-6D5D96ECAC86}.Release|Any CPU.Build.0 = Release|Any CPU
		{856E1953-586D-419D-BEB8-6D5D96ECAC86}.Release|x86.ActiveCfg = Release|Any CPU
		{EEA547E8-5DF9-4BCE-995C-A2789F7E05B9}.Debug|Any CPU.ActiveCfg = Debug|Any CPU
		{EEA547E8-5DF9-4BCE-995C-A2789F7E05B9}.Debug|Any CPU.Build.0 = Debug|Any CPU
		{EEA547E8-5DF9-4BCE-995C-A2789F7E05B9}.Debug|x86.ActiveCfg = Debug|x86
		{EEA547E8-5DF9-4BCE-995C-A2789F7E05B9}.Debug|x86.Build.0 = Debug|x86
		{EEA547E8-5DF9-4BCE-995C-A2789F7E05B9}.EasyTest|Any CPU.ActiveCfg = Release|Any CPU
		{EEA547E8-5DF9-4BCE-995C-A2789F7E05B9}.EasyTest|Any CPU.Build.0 = Release|Any CPU
		{EEA547E8-5DF9-4BCE-995C-A2789F7E05B9}.EasyTest|x86.ActiveCfg = Release|x86
		{EEA547E8-5DF9-4BCE-995C-A2789F7E05B9}.EasyTest|x86.Build.0 = Release|x86
		{EEA547E8-5DF9-4BCE-995C-A2789F7E05B9}.Release|Any CPU.ActiveCfg = Release|Any CPU
		{EEA547E8-5DF9-4BCE-995C-A2789F7E05B9}.Release|Any CPU.Build.0 = Release|Any CPU
		{EEA547E8-5DF9-4BCE-995C-A2789F7E05B9}.Release|x86.ActiveCfg = Release|x86
		{EEA547E8-5DF9-4BCE-995C-A2789F7E05B9}.Release|x86.Build.0 = Release|x86
		{E8A8591E-FD7B-4E26-8DB2-872074F125EB}.Debug|Any CPU.ActiveCfg = Debug|Any CPU
		{E8A8591E-FD7B-4E26-8DB2-872074F125EB}.Debug|Any CPU.Build.0 = Debug|Any CPU
		{E8A8591E-FD7B-4E26-8DB2-872074F125EB}.Debug|x86.ActiveCfg = Debug|Any CPU
		{E8A8591E-FD7B-4E26-8DB2-872074F125EB}.EasyTest|Any CPU.ActiveCfg = Release|Any CPU
		{E8A8591E-FD7B-4E26-8DB2-872074F125EB}.EasyTest|Any CPU.Build.0 = Release|Any CPU
		{E8A8591E-FD7B-4E26-8DB2-872074F125EB}.EasyTest|x86.ActiveCfg = Release|Any CPU
		{E8A8591E-FD7B-4E26-8DB2-872074F125EB}.Release|Any CPU.ActiveCfg = Release|Any CPU
		{E8A8591E-FD7B-4E26-8DB2-872074F125EB}.Release|Any CPU.Build.0 = Release|Any CPU
		{E8A8591E-FD7B-4E26-8DB2-872074F125EB}.Release|x86.ActiveCfg = Release|Any CPU
		{06563356-2687-4BD0-827D-D48E673FE0CA}.Debug|Any CPU.ActiveCfg = Debug|Any CPU
		{06563356-2687-4BD0-827D-D48E673FE0CA}.Debug|Any CPU.Build.0 = Debug|Any CPU
		{06563356-2687-4BD0-827D-D48E673FE0CA}.Debug|x86.ActiveCfg = Debug|Any CPU
		{06563356-2687-4BD0-827D-D48E673FE0CA}.EasyTest|Any CPU.ActiveCfg = Release|Any CPU
		{06563356-2687-4BD0-827D-D48E673FE0CA}.EasyTest|Any CPU.Build.0 = Release|Any CPU
		{06563356-2687-4BD0-827D-D48E673FE0CA}.EasyTest|x86.ActiveCfg = Release|Any CPU
		{06563356-2687-4BD0-827D-D48E673FE0CA}.Release|Any CPU.ActiveCfg = Release|Any CPU
		{06563356-2687-4BD0-827D-D48E673FE0CA}.Release|Any CPU.Build.0 = Release|Any CPU
		{06563356-2687-4BD0-827D-D48E673FE0CA}.Release|x86.ActiveCfg = Release|Any CPU
		{51E0010F-CD1D-47BB-894C-D9347E48EE44}.Debug|Any CPU.ActiveCfg = Debug|Any CPU
		{51E0010F-CD1D-47BB-894C-D9347E48EE44}.Debug|Any CPU.Build.0 = Debug|Any CPU
		{51E0010F-CD1D-47BB-894C-D9347E48EE44}.Debug|x86.ActiveCfg = Debug|Any CPU
		{51E0010F-CD1D-47BB-894C-D9347E48EE44}.EasyTest|Any CPU.ActiveCfg = Release|Any CPU
		{51E0010F-CD1D-47BB-894C-D9347E48EE44}.EasyTest|Any CPU.Build.0 = Release|Any CPU
		{51E0010F-CD1D-47BB-894C-D9347E48EE44}.EasyTest|x86.ActiveCfg = Release|Any CPU
		{51E0010F-CD1D-47BB-894C-D9347E48EE44}.Release|Any CPU.ActiveCfg = Release|Any CPU
		{51E0010F-CD1D-47BB-894C-D9347E48EE44}.Release|Any CPU.Build.0 = Release|Any CPU
		{51E0010F-CD1D-47BB-894C-D9347E48EE44}.Release|x86.ActiveCfg = Release|Any CPU
		{B0D86256-73E7-46D3-B728-346CA4190ECD}.Debug|Any CPU.ActiveCfg = Debug|Any CPU
		{B0D86256-73E7-46D3-B728-346CA4190ECD}.Debug|Any CPU.Build.0 = Debug|Any CPU
		{B0D86256-73E7-46D3-B728-346CA4190ECD}.Debug|x86.ActiveCfg = Debug|Any CPU
		{B0D86256-73E7-46D3-B728-346CA4190ECD}.Debug|x86.Build.0 = Debug|Any CPU
		{B0D86256-73E7-46D3-B728-346CA4190ECD}.EasyTest|Any CPU.ActiveCfg = Release|Any CPU
		{B0D86256-73E7-46D3-B728-346CA4190ECD}.EasyTest|Any CPU.Build.0 = Release|Any CPU
		{B0D86256-73E7-46D3-B728-346CA4190ECD}.EasyTest|x86.ActiveCfg = Release|Any CPU
		{B0D86256-73E7-46D3-B728-346CA4190ECD}.EasyTest|x86.Build.0 = Release|Any CPU
		{B0D86256-73E7-46D3-B728-346CA4190ECD}.Release|Any CPU.ActiveCfg = Release|Any CPU
		{B0D86256-73E7-46D3-B728-346CA4190ECD}.Release|Any CPU.Build.0 = Release|Any CPU
		{B0D86256-73E7-46D3-B728-346CA4190ECD}.Release|x86.ActiveCfg = Release|Any CPU
		{B0D86256-73E7-46D3-B728-346CA4190ECD}.Release|x86.Build.0 = Release|Any CPU
		{9BC86782-A468-49C5-86B6-FE63DE695D7A}.Debug|Any CPU.ActiveCfg = Debug|Any CPU
		{9BC86782-A468-49C5-86B6-FE63DE695D7A}.Debug|Any CPU.Build.0 = Debug|Any CPU
		{9BC86782-A468-49C5-86B6-FE63DE695D7A}.Debug|x86.ActiveCfg = Debug|Any CPU
		{9BC86782-A468-49C5-86B6-FE63DE695D7A}.Debug|x86.Build.0 = Debug|Any CPU
		{9BC86782-A468-49C5-86B6-FE63DE695D7A}.EasyTest|Any CPU.ActiveCfg = Release|Any CPU
		{9BC86782-A468-49C5-86B6-FE63DE695D7A}.EasyTest|Any CPU.Build.0 = Release|Any CPU
		{9BC86782-A468-49C5-86B6-FE63DE695D7A}.EasyTest|x86.ActiveCfg = Release|Any CPU
		{9BC86782-A468-49C5-86B6-FE63DE695D7A}.EasyTest|x86.Build.0 = Release|Any CPU
		{9BC86782-A468-49C5-86B6-FE63DE695D7A}.Release|Any CPU.ActiveCfg = Release|Any CPU
		{9BC86782-A468-49C5-86B6-FE63DE695D7A}.Release|Any CPU.Build.0 = Release|Any CPU
		{9BC86782-A468-49C5-86B6-FE63DE695D7A}.Release|x86.ActiveCfg = Release|Any CPU
		{9BC86782-A468-49C5-86B6-FE63DE695D7A}.Release|x86.Build.0 = Release|Any CPU
		{DC2F3AA2-ABDB-469E-B260-5FD5E9501529}.Debug|Any CPU.ActiveCfg = Debug|Any CPU
		{DC2F3AA2-ABDB-469E-B260-5FD5E9501529}.Debug|Any CPU.Build.0 = Debug|Any CPU
		{DC2F3AA2-ABDB-469E-B260-5FD5E9501529}.Debug|x86.ActiveCfg = Debug|Any CPU
		{DC2F3AA2-ABDB-469E-B260-5FD5E9501529}.Debug|x86.Build.0 = Debug|Any CPU
		{DC2F3AA2-ABDB-469E-B260-5FD5E9501529}.EasyTest|Any CPU.ActiveCfg = EasyTest|Any CPU
		{DC2F3AA2-ABDB-469E-B260-5FD5E9501529}.EasyTest|Any CPU.Build.0 = EasyTest|Any CPU
		{DC2F3AA2-ABDB-469E-B260-5FD5E9501529}.EasyTest|x86.ActiveCfg = EasyTest|Any CPU
		{DC2F3AA2-ABDB-469E-B260-5FD5E9501529}.EasyTest|x86.Build.0 = EasyTest|Any CPU
		{DC2F3AA2-ABDB-469E-B260-5FD5E9501529}.Release|Any CPU.ActiveCfg = Release|Any CPU
		{DC2F3AA2-ABDB-469E-B260-5FD5E9501529}.Release|Any CPU.Build.0 = Release|Any CPU
		{DC2F3AA2-ABDB-469E-B260-5FD5E9501529}.Release|x86.ActiveCfg = Release|Any CPU
		{DC2F3AA2-ABDB-469E-B260-5FD5E9501529}.Release|x86.Build.0 = Release|Any CPU
		{C71D9617-478D-4F1F-8434-286C67B8679B}.Debug|Any CPU.ActiveCfg = Debug|Any CPU
		{C71D9617-478D-4F1F-8434-286C67B8679B}.Debug|Any CPU.Build.0 = Debug|Any CPU
		{C71D9617-478D-4F1F-8434-286C67B8679B}.Debug|x86.ActiveCfg = Debug|Any CPU
		{C71D9617-478D-4F1F-8434-286C67B8679B}.Debug|x86.Build.0 = Debug|Any CPU
		{C71D9617-478D-4F1F-8434-286C67B8679B}.EasyTest|Any CPU.ActiveCfg = EasyTest|Any CPU
		{C71D9617-478D-4F1F-8434-286C67B8679B}.EasyTest|Any CPU.Build.0 = EasyTest|Any CPU
		{C71D9617-478D-4F1F-8434-286C67B8679B}.EasyTest|x86.ActiveCfg = EasyTest|Any CPU
		{C71D9617-478D-4F1F-8434-286C67B8679B}.EasyTest|x86.Build.0 = EasyTest|Any CPU
		{C71D9617-478D-4F1F-8434-286C67B8679B}.Release|Any CPU.ActiveCfg = Release|Any CPU
		{C71D9617-478D-4F1F-8434-286C67B8679B}.Release|Any CPU.Build.0 = Release|Any CPU
		{C71D9617-478D-4F1F-8434-286C67B8679B}.Release|x86.ActiveCfg = Release|Any CPU
		{C71D9617-478D-4F1F-8434-286C67B8679B}.Release|x86.Build.0 = Release|Any CPU
		{D384BDBB-8B10-4DC2-97E9-044A2B3E2ED4}.Debug|Any CPU.ActiveCfg = Debug|Any CPU
		{D384BDBB-8B10-4DC2-97E9-044A2B3E2ED4}.Debug|Any CPU.Build.0 = Debug|Any CPU
		{D384BDBB-8B10-4DC2-97E9-044A2B3E2ED4}.Debug|x86.ActiveCfg = Debug|Any CPU
		{D384BDBB-8B10-4DC2-97E9-044A2B3E2ED4}.Debug|x86.Build.0 = Debug|Any CPU
		{D384BDBB-8B10-4DC2-97E9-044A2B3E2ED4}.EasyTest|Any CPU.ActiveCfg = Release|Any CPU
		{D384BDBB-8B10-4DC2-97E9-044A2B3E2ED4}.EasyTest|Any CPU.Build.0 = Release|Any CPU
		{D384BDBB-8B10-4DC2-97E9-044A2B3E2ED4}.EasyTest|x86.ActiveCfg = Release|Any CPU
		{D384BDBB-8B10-4DC2-97E9-044A2B3E2ED4}.EasyTest|x86.Build.0 = Release|Any CPU
		{D384BDBB-8B10-4DC2-97E9-044A2B3E2ED4}.Release|Any CPU.ActiveCfg = Release|Any CPU
		{D384BDBB-8B10-4DC2-97E9-044A2B3E2ED4}.Release|Any CPU.Build.0 = Release|Any CPU
		{D384BDBB-8B10-4DC2-97E9-044A2B3E2ED4}.Release|x86.ActiveCfg = Release|Any CPU
		{D384BDBB-8B10-4DC2-97E9-044A2B3E2ED4}.Release|x86.Build.0 = Release|Any CPU
		{D05D93DF-312D-4D4E-B980-726871EC7833}.Debug|Any CPU.ActiveCfg = Debug|Any CPU
		{D05D93DF-312D-4D4E-B980-726871EC7833}.Debug|Any CPU.Build.0 = Debug|Any CPU
		{D05D93DF-312D-4D4E-B980-726871EC7833}.Debug|x86.ActiveCfg = Debug|Any CPU
		{D05D93DF-312D-4D4E-B980-726871EC7833}.Debug|x86.Build.0 = Debug|Any CPU
		{D05D93DF-312D-4D4E-B980-726871EC7833}.EasyTest|Any CPU.ActiveCfg = EasyTest|Any CPU
		{D05D93DF-312D-4D4E-B980-726871EC7833}.EasyTest|Any CPU.Build.0 = EasyTest|Any CPU
		{D05D93DF-312D-4D4E-B980-726871EC7833}.EasyTest|x86.ActiveCfg = EasyTest|Any CPU
		{D05D93DF-312D-4D4E-B980-726871EC7833}.EasyTest|x86.Build.0 = EasyTest|Any CPU
		{D05D93DF-312D-4D4E-B980-726871EC7833}.Release|Any CPU.ActiveCfg = Release|Any CPU
		{D05D93DF-312D-4D4E-B980-726871EC7833}.Release|Any CPU.Build.0 = Release|Any CPU
		{D05D93DF-312D-4D4E-B980-726871EC7833}.Release|x86.ActiveCfg = Release|Any CPU
		{D05D93DF-312D-4D4E-B980-726871EC7833}.Release|x86.Build.0 = Release|Any CPU
		{47334835-47A0-4256-91F9-529943F91C85}.Debug|Any CPU.ActiveCfg = Debug|Any CPU
		{47334835-47A0-4256-91F9-529943F91C85}.Debug|Any CPU.Build.0 = Debug|Any CPU
		{47334835-47A0-4256-91F9-529943F91C85}.Debug|x86.ActiveCfg = Debug|Any CPU
		{47334835-47A0-4256-91F9-529943F91C85}.Debug|x86.Build.0 = Debug|Any CPU
		{47334835-47A0-4256-91F9-529943F91C85}.EasyTest|Any CPU.ActiveCfg = EasyTest|Any CPU
		{47334835-47A0-4256-91F9-529943F91C85}.EasyTest|Any CPU.Build.0 = EasyTest|Any CPU
		{47334835-47A0-4256-91F9-529943F91C85}.EasyTest|x86.ActiveCfg = EasyTest|Any CPU
		{47334835-47A0-4256-91F9-529943F91C85}.EasyTest|x86.Build.0 = EasyTest|Any CPU
		{47334835-47A0-4256-91F9-529943F91C85}.Release|Any CPU.ActiveCfg = Release|Any CPU
		{47334835-47A0-4256-91F9-529943F91C85}.Release|Any CPU.Build.0 = Release|Any CPU
		{47334835-47A0-4256-91F9-529943F91C85}.Release|x86.ActiveCfg = Release|Any CPU
		{47334835-47A0-4256-91F9-529943F91C85}.Release|x86.Build.0 = Release|Any CPU
		{EE735356-CD44-43A7-BF7C-C9AFC2FB866A}.Debug|Any CPU.ActiveCfg = Debug|Any CPU
		{EE735356-CD44-43A7-BF7C-C9AFC2FB866A}.Debug|Any CPU.Build.0 = Debug|Any CPU
		{EE735356-CD44-43A7-BF7C-C9AFC2FB866A}.Debug|x86.ActiveCfg = Debug|Any CPU
		{EE735356-CD44-43A7-BF7C-C9AFC2FB866A}.Debug|x86.Build.0 = Debug|Any CPU
		{EE735356-CD44-43A7-BF7C-C9AFC2FB866A}.EasyTest|Any CPU.ActiveCfg = EasyTest|Any CPU
		{EE735356-CD44-43A7-BF7C-C9AFC2FB866A}.EasyTest|Any CPU.Build.0 = EasyTest|Any CPU
		{EE735356-CD44-43A7-BF7C-C9AFC2FB866A}.EasyTest|x86.ActiveCfg = EasyTest|Any CPU
		{EE735356-CD44-43A7-BF7C-C9AFC2FB866A}.EasyTest|x86.Build.0 = EasyTest|Any CPU
		{EE735356-CD44-43A7-BF7C-C9AFC2FB866A}.Release|Any CPU.ActiveCfg = Release|Any CPU
		{EE735356-CD44-43A7-BF7C-C9AFC2FB866A}.Release|Any CPU.Build.0 = Release|Any CPU
		{EE735356-CD44-43A7-BF7C-C9AFC2FB866A}.Release|x86.ActiveCfg = Release|Any CPU
		{EE735356-CD44-43A7-BF7C-C9AFC2FB866A}.Release|x86.Build.0 = Release|Any CPU
		{A74D706D-9899-45E9-A305-98A6849739E0}.Debug|Any CPU.ActiveCfg = Debug|Any CPU
		{A74D706D-9899-45E9-A305-98A6849739E0}.Debug|Any CPU.Build.0 = Debug|Any CPU
		{A74D706D-9899-45E9-A305-98A6849739E0}.Debug|x86.ActiveCfg = Debug|Any CPU
		{A74D706D-9899-45E9-A305-98A6849739E0}.Debug|x86.Build.0 = Debug|Any CPU
		{A74D706D-9899-45E9-A305-98A6849739E0}.EasyTest|Any CPU.ActiveCfg = EasyTest|Any CPU
		{A74D706D-9899-45E9-A305-98A6849739E0}.EasyTest|Any CPU.Build.0 = EasyTest|Any CPU
		{A74D706D-9899-45E9-A305-98A6849739E0}.EasyTest|x86.ActiveCfg = EasyTest|Any CPU
		{A74D706D-9899-45E9-A305-98A6849739E0}.EasyTest|x86.Build.0 = EasyTest|Any CPU
		{A74D706D-9899-45E9-A305-98A6849739E0}.Release|Any CPU.ActiveCfg = Release|Any CPU
		{A74D706D-9899-45E9-A305-98A6849739E0}.Release|Any CPU.Build.0 = Release|Any CPU
		{A74D706D-9899-45E9-A305-98A6849739E0}.Release|x86.ActiveCfg = Release|Any CPU
		{A74D706D-9899-45E9-A305-98A6849739E0}.Release|x86.Build.0 = Release|Any CPU
		{82A6DBC9-B1B4-44E4-9718-55DF930CD349}.Debug|Any CPU.ActiveCfg = Debug|Any CPU
		{82A6DBC9-B1B4-44E4-9718-55DF930CD349}.Debug|Any CPU.Build.0 = Debug|Any CPU
		{82A6DBC9-B1B4-44E4-9718-55DF930CD349}.Debug|x86.ActiveCfg = Debug|Any CPU
		{82A6DBC9-B1B4-44E4-9718-55DF930CD349}.Debug|x86.Build.0 = Debug|Any CPU
		{82A6DBC9-B1B4-44E4-9718-55DF930CD349}.EasyTest|Any CPU.ActiveCfg = EasyTest|Any CPU
		{82A6DBC9-B1B4-44E4-9718-55DF930CD349}.EasyTest|Any CPU.Build.0 = EasyTest|Any CPU
		{82A6DBC9-B1B4-44E4-9718-55DF930CD349}.EasyTest|x86.ActiveCfg = EasyTest|Any CPU
		{82A6DBC9-B1B4-44E4-9718-55DF930CD349}.EasyTest|x86.Build.0 = EasyTest|Any CPU
		{82A6DBC9-B1B4-44E4-9718-55DF930CD349}.Release|Any CPU.ActiveCfg = Release|Any CPU
		{82A6DBC9-B1B4-44E4-9718-55DF930CD349}.Release|Any CPU.Build.0 = Release|Any CPU
		{82A6DBC9-B1B4-44E4-9718-55DF930CD349}.Release|x86.ActiveCfg = Release|Any CPU
		{82A6DBC9-B1B4-44E4-9718-55DF930CD349}.Release|x86.Build.0 = Release|Any CPU
		{5596BE8A-E00C-4DDA-B0BD-5BD6B47B0894}.Debug|Any CPU.ActiveCfg = Debug|Any CPU
		{5596BE8A-E00C-4DDA-B0BD-5BD6B47B0894}.Debug|Any CPU.Build.0 = Debug|Any CPU
		{5596BE8A-E00C-4DDA-B0BD-5BD6B47B0894}.Debug|x86.ActiveCfg = Debug|Any CPU
		{5596BE8A-E00C-4DDA-B0BD-5BD6B47B0894}.Debug|x86.Build.0 = Debug|Any CPU
		{5596BE8A-E00C-4DDA-B0BD-5BD6B47B0894}.EasyTest|Any CPU.ActiveCfg = EasyTest|Any CPU
		{5596BE8A-E00C-4DDA-B0BD-5BD6B47B0894}.EasyTest|Any CPU.Build.0 = EasyTest|Any CPU
		{5596BE8A-E00C-4DDA-B0BD-5BD6B47B0894}.EasyTest|x86.ActiveCfg = EasyTest|Any CPU
		{5596BE8A-E00C-4DDA-B0BD-5BD6B47B0894}.EasyTest|x86.Build.0 = EasyTest|Any CPU
		{5596BE8A-E00C-4DDA-B0BD-5BD6B47B0894}.Release|Any CPU.ActiveCfg = Release|Any CPU
		{5596BE8A-E00C-4DDA-B0BD-5BD6B47B0894}.Release|Any CPU.Build.0 = Release|Any CPU
		{5596BE8A-E00C-4DDA-B0BD-5BD6B47B0894}.Release|x86.ActiveCfg = Release|Any CPU
		{5596BE8A-E00C-4DDA-B0BD-5BD6B47B0894}.Release|x86.Build.0 = Release|Any CPU
		{76ECC1EF-1F7F-4EDA-B688-EB1462385B0C}.Debug|Any CPU.ActiveCfg = Debug|Any CPU
		{76ECC1EF-1F7F-4EDA-B688-EB1462385B0C}.Debug|Any CPU.Build.0 = Debug|Any CPU
		{76ECC1EF-1F7F-4EDA-B688-EB1462385B0C}.Debug|x86.ActiveCfg = Debug|Any CPU
		{76ECC1EF-1F7F-4EDA-B688-EB1462385B0C}.Debug|x86.Build.0 = Debug|Any CPU
		{76ECC1EF-1F7F-4EDA-B688-EB1462385B0C}.EasyTest|Any CPU.ActiveCfg = Release|Any CPU
		{76ECC1EF-1F7F-4EDA-B688-EB1462385B0C}.EasyTest|Any CPU.Build.0 = Release|Any CPU
		{76ECC1EF-1F7F-4EDA-B688-EB1462385B0C}.EasyTest|x86.ActiveCfg = Release|Any CPU
		{76ECC1EF-1F7F-4EDA-B688-EB1462385B0C}.EasyTest|x86.Build.0 = Release|Any CPU
		{76ECC1EF-1F7F-4EDA-B688-EB1462385B0C}.Release|Any CPU.ActiveCfg = Release|Any CPU
		{76ECC1EF-1F7F-4EDA-B688-EB1462385B0C}.Release|Any CPU.Build.0 = Release|Any CPU
		{76ECC1EF-1F7F-4EDA-B688-EB1462385B0C}.Release|x86.ActiveCfg = Release|Any CPU
		{76ECC1EF-1F7F-4EDA-B688-EB1462385B0C}.Release|x86.Build.0 = Release|Any CPU
		{5C705D59-B790-4C51-AD63-A93A9C161B78}.Debug|Any CPU.ActiveCfg = Debug|Any CPU
		{5C705D59-B790-4C51-AD63-A93A9C161B78}.Debug|Any CPU.Build.0 = Debug|Any CPU
		{5C705D59-B790-4C51-AD63-A93A9C161B78}.Debug|x86.ActiveCfg = Debug|Any CPU
		{5C705D59-B790-4C51-AD63-A93A9C161B78}.Debug|x86.Build.0 = Debug|Any CPU
		{5C705D59-B790-4C51-AD63-A93A9C161B78}.EasyTest|Any CPU.ActiveCfg = Release|Any CPU
		{5C705D59-B790-4C51-AD63-A93A9C161B78}.EasyTest|Any CPU.Build.0 = Release|Any CPU
		{5C705D59-B790-4C51-AD63-A93A9C161B78}.EasyTest|x86.ActiveCfg = Release|Any CPU
		{5C705D59-B790-4C51-AD63-A93A9C161B78}.EasyTest|x86.Build.0 = Release|Any CPU
		{5C705D59-B790-4C51-AD63-A93A9C161B78}.Release|Any CPU.ActiveCfg = Release|Any CPU
		{5C705D59-B790-4C51-AD63-A93A9C161B78}.Release|Any CPU.Build.0 = Release|Any CPU
		{5C705D59-B790-4C51-AD63-A93A9C161B78}.Release|x86.ActiveCfg = Release|Any CPU
		{5C705D59-B790-4C51-AD63-A93A9C161B78}.Release|x86.Build.0 = Release|Any CPU
		{11D6C053-1B48-4201-BA55-4579C0D6A1FD}.Debug|Any CPU.ActiveCfg = Debug|Any CPU
		{11D6C053-1B48-4201-BA55-4579C0D6A1FD}.Debug|Any CPU.Build.0 = Debug|Any CPU
		{11D6C053-1B48-4201-BA55-4579C0D6A1FD}.Debug|x86.ActiveCfg = Debug|Any CPU
		{11D6C053-1B48-4201-BA55-4579C0D6A1FD}.Debug|x86.Build.0 = Debug|Any CPU
		{11D6C053-1B48-4201-BA55-4579C0D6A1FD}.EasyTest|Any CPU.ActiveCfg = Release|Any CPU
		{11D6C053-1B48-4201-BA55-4579C0D6A1FD}.EasyTest|Any CPU.Build.0 = Release|Any CPU
		{11D6C053-1B48-4201-BA55-4579C0D6A1FD}.EasyTest|x86.ActiveCfg = Release|Any CPU
		{11D6C053-1B48-4201-BA55-4579C0D6A1FD}.EasyTest|x86.Build.0 = Release|Any CPU
		{11D6C053-1B48-4201-BA55-4579C0D6A1FD}.Release|Any CPU.ActiveCfg = Release|Any CPU
		{11D6C053-1B48-4201-BA55-4579C0D6A1FD}.Release|Any CPU.Build.0 = Release|Any CPU
		{11D6C053-1B48-4201-BA55-4579C0D6A1FD}.Release|x86.ActiveCfg = Release|Any CPU
		{11D6C053-1B48-4201-BA55-4579C0D6A1FD}.Release|x86.Build.0 = Release|Any CPU
		{C554F5D2-7295-4C65-BC70-AFBD251C51C8}.Debug|Any CPU.ActiveCfg = Debug|Any CPU
		{C554F5D2-7295-4C65-BC70-AFBD251C51C8}.Debug|Any CPU.Build.0 = Debug|Any CPU
		{C554F5D2-7295-4C65-BC70-AFBD251C51C8}.Debug|x86.ActiveCfg = Debug|Any CPU
		{C554F5D2-7295-4C65-BC70-AFBD251C51C8}.Debug|x86.Build.0 = Debug|Any CPU
		{C554F5D2-7295-4C65-BC70-AFBD251C51C8}.EasyTest|Any CPU.ActiveCfg = EasyTest|Any CPU
		{C554F5D2-7295-4C65-BC70-AFBD251C51C8}.EasyTest|Any CPU.Build.0 = EasyTest|Any CPU
		{C554F5D2-7295-4C65-BC70-AFBD251C51C8}.EasyTest|x86.ActiveCfg = EasyTest|Any CPU
		{C554F5D2-7295-4C65-BC70-AFBD251C51C8}.EasyTest|x86.Build.0 = EasyTest|Any CPU
		{C554F5D2-7295-4C65-BC70-AFBD251C51C8}.Release|Any CPU.ActiveCfg = Release|Any CPU
		{C554F5D2-7295-4C65-BC70-AFBD251C51C8}.Release|Any CPU.Build.0 = Release|Any CPU
		{C554F5D2-7295-4C65-BC70-AFBD251C51C8}.Release|x86.ActiveCfg = Release|Any CPU
		{C554F5D2-7295-4C65-BC70-AFBD251C51C8}.Release|x86.Build.0 = Release|Any CPU
		{13B1168A-9129-4523-8565-4A3B6968AF2C}.Debug|Any CPU.ActiveCfg = Debug|Any CPU
		{13B1168A-9129-4523-8565-4A3B6968AF2C}.Debug|Any CPU.Build.0 = Debug|Any CPU
		{13B1168A-9129-4523-8565-4A3B6968AF2C}.Debug|x86.ActiveCfg = Debug|Any CPU
		{13B1168A-9129-4523-8565-4A3B6968AF2C}.Debug|x86.Build.0 = Debug|Any CPU
		{13B1168A-9129-4523-8565-4A3B6968AF2C}.EasyTest|Any CPU.ActiveCfg = EasyTest|Any CPU
		{13B1168A-9129-4523-8565-4A3B6968AF2C}.EasyTest|Any CPU.Build.0 = EasyTest|Any CPU
		{13B1168A-9129-4523-8565-4A3B6968AF2C}.EasyTest|x86.ActiveCfg = EasyTest|Any CPU
		{13B1168A-9129-4523-8565-4A3B6968AF2C}.EasyTest|x86.Build.0 = EasyTest|Any CPU
		{13B1168A-9129-4523-8565-4A3B6968AF2C}.Release|Any CPU.ActiveCfg = Release|Any CPU
		{13B1168A-9129-4523-8565-4A3B6968AF2C}.Release|Any CPU.Build.0 = Release|Any CPU
		{13B1168A-9129-4523-8565-4A3B6968AF2C}.Release|x86.ActiveCfg = Release|Any CPU
		{13B1168A-9129-4523-8565-4A3B6968AF2C}.Release|x86.Build.0 = Release|Any CPU
		{C6F77575-7754-41EA-BC2E-A0BB3D838119}.Debug|Any CPU.ActiveCfg = Debug|Any CPU
		{C6F77575-7754-41EA-BC2E-A0BB3D838119}.Debug|Any CPU.Build.0 = Debug|Any CPU
		{C6F77575-7754-41EA-BC2E-A0BB3D838119}.Debug|x86.ActiveCfg = Debug|Any CPU
		{C6F77575-7754-41EA-BC2E-A0BB3D838119}.Debug|x86.Build.0 = Debug|Any CPU
		{C6F77575-7754-41EA-BC2E-A0BB3D838119}.EasyTest|Any CPU.ActiveCfg = EasyTest|Any CPU
		{C6F77575-7754-41EA-BC2E-A0BB3D838119}.EasyTest|Any CPU.Build.0 = EasyTest|Any CPU
		{C6F77575-7754-41EA-BC2E-A0BB3D838119}.EasyTest|x86.ActiveCfg = EasyTest|Any CPU
		{C6F77575-7754-41EA-BC2E-A0BB3D838119}.EasyTest|x86.Build.0 = EasyTest|Any CPU
		{C6F77575-7754-41EA-BC2E-A0BB3D838119}.Release|Any CPU.ActiveCfg = Release|Any CPU
		{C6F77575-7754-41EA-BC2E-A0BB3D838119}.Release|Any CPU.Build.0 = Release|Any CPU
		{C6F77575-7754-41EA-BC2E-A0BB3D838119}.Release|x86.ActiveCfg = Release|Any CPU
		{C6F77575-7754-41EA-BC2E-A0BB3D838119}.Release|x86.Build.0 = Release|Any CPU
		{07F57354-223D-4AC0-AD8F-58743C33DEA2}.Debug|Any CPU.ActiveCfg = Debug|Any CPU
		{07F57354-223D-4AC0-AD8F-58743C33DEA2}.Debug|Any CPU.Build.0 = Debug|Any CPU
		{07F57354-223D-4AC0-AD8F-58743C33DEA2}.Debug|x86.ActiveCfg = Debug|Any CPU
		{07F57354-223D-4AC0-AD8F-58743C33DEA2}.Debug|x86.Build.0 = Debug|Any CPU
		{07F57354-223D-4AC0-AD8F-58743C33DEA2}.EasyTest|Any CPU.ActiveCfg = EasyTest|Any CPU
		{07F57354-223D-4AC0-AD8F-58743C33DEA2}.EasyTest|Any CPU.Build.0 = EasyTest|Any CPU
		{07F57354-223D-4AC0-AD8F-58743C33DEA2}.EasyTest|x86.ActiveCfg = EasyTest|Any CPU
		{07F57354-223D-4AC0-AD8F-58743C33DEA2}.EasyTest|x86.Build.0 = EasyTest|Any CPU
		{07F57354-223D-4AC0-AD8F-58743C33DEA2}.Release|Any CPU.ActiveCfg = Release|Any CPU
		{07F57354-223D-4AC0-AD8F-58743C33DEA2}.Release|Any CPU.Build.0 = Release|Any CPU
		{07F57354-223D-4AC0-AD8F-58743C33DEA2}.Release|x86.ActiveCfg = Release|Any CPU
		{07F57354-223D-4AC0-AD8F-58743C33DEA2}.Release|x86.Build.0 = Release|Any CPU
		{A67A7ABA-88DA-4386-825E-0378EB462C6C}.Debug|Any CPU.ActiveCfg = Debug|Any CPU
		{A67A7ABA-88DA-4386-825E-0378EB462C6C}.Debug|Any CPU.Build.0 = Debug|Any CPU
		{A67A7ABA-88DA-4386-825E-0378EB462C6C}.Debug|x86.ActiveCfg = Debug|Any CPU
		{A67A7ABA-88DA-4386-825E-0378EB462C6C}.Debug|x86.Build.0 = Debug|Any CPU
		{A67A7ABA-88DA-4386-825E-0378EB462C6C}.EasyTest|Any CPU.ActiveCfg = EasyTest|Any CPU
		{A67A7ABA-88DA-4386-825E-0378EB462C6C}.EasyTest|Any CPU.Build.0 = EasyTest|Any CPU
		{A67A7ABA-88DA-4386-825E-0378EB462C6C}.EasyTest|x86.ActiveCfg = EasyTest|Any CPU
		{A67A7ABA-88DA-4386-825E-0378EB462C6C}.EasyTest|x86.Build.0 = EasyTest|Any CPU
		{A67A7ABA-88DA-4386-825E-0378EB462C6C}.Release|Any CPU.ActiveCfg = Release|Any CPU
		{A67A7ABA-88DA-4386-825E-0378EB462C6C}.Release|Any CPU.Build.0 = Release|Any CPU
		{A67A7ABA-88DA-4386-825E-0378EB462C6C}.Release|x86.ActiveCfg = Release|Any CPU
		{A67A7ABA-88DA-4386-825E-0378EB462C6C}.Release|x86.Build.0 = Release|Any CPU
		{D405E707-AE60-4FC1-9F47-DD199479B063}.Debug|Any CPU.ActiveCfg = Debug|Any CPU
		{D405E707-AE60-4FC1-9F47-DD199479B063}.Debug|Any CPU.Build.0 = Debug|Any CPU
		{D405E707-AE60-4FC1-9F47-DD199479B063}.Debug|x86.ActiveCfg = Debug|Any CPU
		{D405E707-AE60-4FC1-9F47-DD199479B063}.Debug|x86.Build.0 = Debug|Any CPU
		{D405E707-AE60-4FC1-9F47-DD199479B063}.EasyTest|Any CPU.ActiveCfg = EasyTest|Any CPU
		{D405E707-AE60-4FC1-9F47-DD199479B063}.EasyTest|Any CPU.Build.0 = EasyTest|Any CPU
		{D405E707-AE60-4FC1-9F47-DD199479B063}.EasyTest|x86.ActiveCfg = EasyTest|Any CPU
		{D405E707-AE60-4FC1-9F47-DD199479B063}.EasyTest|x86.Build.0 = EasyTest|Any CPU
		{D405E707-AE60-4FC1-9F47-DD199479B063}.Release|Any CPU.ActiveCfg = Release|Any CPU
		{D405E707-AE60-4FC1-9F47-DD199479B063}.Release|Any CPU.Build.0 = Release|Any CPU
		{D405E707-AE60-4FC1-9F47-DD199479B063}.Release|x86.ActiveCfg = Release|Any CPU
		{D405E707-AE60-4FC1-9F47-DD199479B063}.Release|x86.Build.0 = Release|Any CPU
		{5D1EB263-186E-4997-A799-1D7661F33140}.Debug|Any CPU.ActiveCfg = Debug|Any CPU
		{5D1EB263-186E-4997-A799-1D7661F33140}.Debug|Any CPU.Build.0 = Debug|Any CPU
		{5D1EB263-186E-4997-A799-1D7661F33140}.Debug|x86.ActiveCfg = Debug|Any CPU
		{5D1EB263-186E-4997-A799-1D7661F33140}.Debug|x86.Build.0 = Debug|Any CPU
		{5D1EB263-186E-4997-A799-1D7661F33140}.EasyTest|Any CPU.ActiveCfg = EasyTest|Any CPU
		{5D1EB263-186E-4997-A799-1D7661F33140}.EasyTest|Any CPU.Build.0 = EasyTest|Any CPU
		{5D1EB263-186E-4997-A799-1D7661F33140}.EasyTest|x86.ActiveCfg = EasyTest|Any CPU
		{5D1EB263-186E-4997-A799-1D7661F33140}.EasyTest|x86.Build.0 = EasyTest|Any CPU
		{5D1EB263-186E-4997-A799-1D7661F33140}.Release|Any CPU.ActiveCfg = Release|Any CPU
		{5D1EB263-186E-4997-A799-1D7661F33140}.Release|Any CPU.Build.0 = Release|Any CPU
		{5D1EB263-186E-4997-A799-1D7661F33140}.Release|x86.ActiveCfg = Release|Any CPU
		{5D1EB263-186E-4997-A799-1D7661F33140}.Release|x86.Build.0 = Release|Any CPU
		{05D167D7-A687-42D3-A3BC-10568CA39E0C}.Debug|Any CPU.ActiveCfg = Debug|Any CPU
		{05D167D7-A687-42D3-A3BC-10568CA39E0C}.Debug|Any CPU.Build.0 = Debug|Any CPU
		{05D167D7-A687-42D3-A3BC-10568CA39E0C}.Debug|x86.ActiveCfg = Debug|Any CPU
		{05D167D7-A687-42D3-A3BC-10568CA39E0C}.Debug|x86.Build.0 = Debug|Any CPU
		{05D167D7-A687-42D3-A3BC-10568CA39E0C}.EasyTest|Any CPU.ActiveCfg = EasyTest|Any CPU
		{05D167D7-A687-42D3-A3BC-10568CA39E0C}.EasyTest|Any CPU.Build.0 = EasyTest|Any CPU
		{05D167D7-A687-42D3-A3BC-10568CA39E0C}.EasyTest|x86.ActiveCfg = EasyTest|Any CPU
		{05D167D7-A687-42D3-A3BC-10568CA39E0C}.EasyTest|x86.Build.0 = EasyTest|Any CPU
		{05D167D7-A687-42D3-A3BC-10568CA39E0C}.Release|Any CPU.ActiveCfg = Release|Any CPU
		{05D167D7-A687-42D3-A3BC-10568CA39E0C}.Release|Any CPU.Build.0 = Release|Any CPU
		{05D167D7-A687-42D3-A3BC-10568CA39E0C}.Release|x86.ActiveCfg = Release|Any CPU
		{05D167D7-A687-42D3-A3BC-10568CA39E0C}.Release|x86.Build.0 = Release|Any CPU
		{4DF180EB-2B27-41C9-B439-6000C9F2936C}.Debug|Any CPU.ActiveCfg = Debug|Any CPU
		{4DF180EB-2B27-41C9-B439-6000C9F2936C}.Debug|Any CPU.Build.0 = Debug|Any CPU
		{4DF180EB-2B27-41C9-B439-6000C9F2936C}.Debug|x86.ActiveCfg = Debug|Any CPU
		{4DF180EB-2B27-41C9-B439-6000C9F2936C}.Debug|x86.Build.0 = Debug|Any CPU
		{4DF180EB-2B27-41C9-B439-6000C9F2936C}.EasyTest|Any CPU.ActiveCfg = EasyTest|Any CPU
		{4DF180EB-2B27-41C9-B439-6000C9F2936C}.EasyTest|Any CPU.Build.0 = EasyTest|Any CPU
		{4DF180EB-2B27-41C9-B439-6000C9F2936C}.EasyTest|x86.ActiveCfg = EasyTest|Any CPU
		{4DF180EB-2B27-41C9-B439-6000C9F2936C}.EasyTest|x86.Build.0 = EasyTest|Any CPU
		{4DF180EB-2B27-41C9-B439-6000C9F2936C}.Release|Any CPU.ActiveCfg = Release|Any CPU
		{4DF180EB-2B27-41C9-B439-6000C9F2936C}.Release|Any CPU.Build.0 = Release|Any CPU
		{4DF180EB-2B27-41C9-B439-6000C9F2936C}.Release|x86.ActiveCfg = Release|Any CPU
		{4DF180EB-2B27-41C9-B439-6000C9F2936C}.Release|x86.Build.0 = Release|Any CPU
		{AD7BA40A-EFB1-43BA-AC0A-1CA39087EA1F}.Debug|Any CPU.ActiveCfg = Debug|Any CPU
		{AD7BA40A-EFB1-43BA-AC0A-1CA39087EA1F}.Debug|Any CPU.Build.0 = Debug|Any CPU
		{AD7BA40A-EFB1-43BA-AC0A-1CA39087EA1F}.Debug|x86.ActiveCfg = Debug|Any CPU
		{AD7BA40A-EFB1-43BA-AC0A-1CA39087EA1F}.Debug|x86.Build.0 = Debug|Any CPU
		{AD7BA40A-EFB1-43BA-AC0A-1CA39087EA1F}.EasyTest|Any CPU.ActiveCfg = Release|Any CPU
		{AD7BA40A-EFB1-43BA-AC0A-1CA39087EA1F}.EasyTest|Any CPU.Build.0 = Release|Any CPU
		{AD7BA40A-EFB1-43BA-AC0A-1CA39087EA1F}.EasyTest|x86.ActiveCfg = Release|Any CPU
		{AD7BA40A-EFB1-43BA-AC0A-1CA39087EA1F}.EasyTest|x86.Build.0 = Release|Any CPU
		{AD7BA40A-EFB1-43BA-AC0A-1CA39087EA1F}.Release|Any CPU.ActiveCfg = Release|Any CPU
		{AD7BA40A-EFB1-43BA-AC0A-1CA39087EA1F}.Release|Any CPU.Build.0 = Release|Any CPU
		{AD7BA40A-EFB1-43BA-AC0A-1CA39087EA1F}.Release|x86.ActiveCfg = Release|Any CPU
		{AD7BA40A-EFB1-43BA-AC0A-1CA39087EA1F}.Release|x86.Build.0 = Release|Any CPU
		{54388EA2-1711-4C58-9AE9-E86EA935E1C5}.Debug|Any CPU.ActiveCfg = Debug|Any CPU
		{54388EA2-1711-4C58-9AE9-E86EA935E1C5}.Debug|Any CPU.Build.0 = Debug|Any CPU
		{54388EA2-1711-4C58-9AE9-E86EA935E1C5}.Debug|x86.ActiveCfg = Debug|Any CPU
		{54388EA2-1711-4C58-9AE9-E86EA935E1C5}.Debug|x86.Build.0 = Debug|Any CPU
		{54388EA2-1711-4C58-9AE9-E86EA935E1C5}.EasyTest|Any CPU.ActiveCfg = EasyTest|Any CPU
		{54388EA2-1711-4C58-9AE9-E86EA935E1C5}.EasyTest|Any CPU.Build.0 = EasyTest|Any CPU
		{54388EA2-1711-4C58-9AE9-E86EA935E1C5}.EasyTest|x86.ActiveCfg = EasyTest|Any CPU
		{54388EA2-1711-4C58-9AE9-E86EA935E1C5}.EasyTest|x86.Build.0 = EasyTest|Any CPU
		{54388EA2-1711-4C58-9AE9-E86EA935E1C5}.Release|Any CPU.ActiveCfg = Release|Any CPU
		{54388EA2-1711-4C58-9AE9-E86EA935E1C5}.Release|Any CPU.Build.0 = Release|Any CPU
		{54388EA2-1711-4C58-9AE9-E86EA935E1C5}.Release|x86.ActiveCfg = Release|Any CPU
		{54388EA2-1711-4C58-9AE9-E86EA935E1C5}.Release|x86.Build.0 = Release|Any CPU
		{5201A18B-D9DB-4DA1-9C7E-08CB950A7421}.Debug|Any CPU.ActiveCfg = Debug|Any CPU
		{5201A18B-D9DB-4DA1-9C7E-08CB950A7421}.Debug|Any CPU.Build.0 = Debug|Any CPU
		{5201A18B-D9DB-4DA1-9C7E-08CB950A7421}.Debug|x86.ActiveCfg = Debug|Any CPU
		{5201A18B-D9DB-4DA1-9C7E-08CB950A7421}.Debug|x86.Build.0 = Debug|Any CPU
		{5201A18B-D9DB-4DA1-9C7E-08CB950A7421}.EasyTest|Any CPU.ActiveCfg = EasyTest|Any CPU
		{5201A18B-D9DB-4DA1-9C7E-08CB950A7421}.EasyTest|Any CPU.Build.0 = EasyTest|Any CPU
		{5201A18B-D9DB-4DA1-9C7E-08CB950A7421}.EasyTest|x86.ActiveCfg = EasyTest|Any CPU
		{5201A18B-D9DB-4DA1-9C7E-08CB950A7421}.EasyTest|x86.Build.0 = EasyTest|Any CPU
		{5201A18B-D9DB-4DA1-9C7E-08CB950A7421}.Release|Any CPU.ActiveCfg = Release|Any CPU
		{5201A18B-D9DB-4DA1-9C7E-08CB950A7421}.Release|Any CPU.Build.0 = Release|Any CPU
		{5201A18B-D9DB-4DA1-9C7E-08CB950A7421}.Release|x86.ActiveCfg = Release|Any CPU
		{5201A18B-D9DB-4DA1-9C7E-08CB950A7421}.Release|x86.Build.0 = Release|Any CPU
		{4A793AD7-2777-404E-B4F7-1F993FB104FE}.Debug|Any CPU.ActiveCfg = Debug|Any CPU
		{4A793AD7-2777-404E-B4F7-1F993FB104FE}.Debug|Any CPU.Build.0 = Debug|Any CPU
		{4A793AD7-2777-404E-B4F7-1F993FB104FE}.Debug|x86.ActiveCfg = Debug|Any CPU
		{4A793AD7-2777-404E-B4F7-1F993FB104FE}.Debug|x86.Build.0 = Debug|Any CPU
		{4A793AD7-2777-404E-B4F7-1F993FB104FE}.EasyTest|Any CPU.ActiveCfg = EasyTest|Any CPU
		{4A793AD7-2777-404E-B4F7-1F993FB104FE}.EasyTest|Any CPU.Build.0 = EasyTest|Any CPU
		{4A793AD7-2777-404E-B4F7-1F993FB104FE}.EasyTest|x86.ActiveCfg = EasyTest|Any CPU
		{4A793AD7-2777-404E-B4F7-1F993FB104FE}.EasyTest|x86.Build.0 = EasyTest|Any CPU
		{4A793AD7-2777-404E-B4F7-1F993FB104FE}.Release|Any CPU.ActiveCfg = Release|Any CPU
		{4A793AD7-2777-404E-B4F7-1F993FB104FE}.Release|Any CPU.Build.0 = Release|Any CPU
		{4A793AD7-2777-404E-B4F7-1F993FB104FE}.Release|x86.ActiveCfg = Release|Any CPU
		{4A793AD7-2777-404E-B4F7-1F993FB104FE}.Release|x86.Build.0 = Release|Any CPU
		{FB0AB9C9-24A7-4118-9A3F-8D3E0566725E}.Debug|Any CPU.ActiveCfg = Debug|Any CPU
		{FB0AB9C9-24A7-4118-9A3F-8D3E0566725E}.Debug|Any CPU.Build.0 = Debug|Any CPU
		{FB0AB9C9-24A7-4118-9A3F-8D3E0566725E}.Debug|x86.ActiveCfg = Debug|Any CPU
		{FB0AB9C9-24A7-4118-9A3F-8D3E0566725E}.Debug|x86.Build.0 = Debug|Any CPU
		{FB0AB9C9-24A7-4118-9A3F-8D3E0566725E}.EasyTest|Any CPU.ActiveCfg = EasyTest|Any CPU
		{FB0AB9C9-24A7-4118-9A3F-8D3E0566725E}.EasyTest|Any CPU.Build.0 = EasyTest|Any CPU
		{FB0AB9C9-24A7-4118-9A3F-8D3E0566725E}.EasyTest|x86.ActiveCfg = EasyTest|Any CPU
		{FB0AB9C9-24A7-4118-9A3F-8D3E0566725E}.EasyTest|x86.Build.0 = EasyTest|Any CPU
		{FB0AB9C9-24A7-4118-9A3F-8D3E0566725E}.Release|Any CPU.ActiveCfg = Release|Any CPU
		{FB0AB9C9-24A7-4118-9A3F-8D3E0566725E}.Release|Any CPU.Build.0 = Release|Any CPU
		{FB0AB9C9-24A7-4118-9A3F-8D3E0566725E}.Release|x86.ActiveCfg = Release|Any CPU
		{FB0AB9C9-24A7-4118-9A3F-8D3E0566725E}.Release|x86.Build.0 = Release|Any CPU
		{57DAF918-7D5B-4EAA-A70C-5E580F36C4ED}.Debug|Any CPU.ActiveCfg = Debug|Any CPU
		{57DAF918-7D5B-4EAA-A70C-5E580F36C4ED}.Debug|Any CPU.Build.0 = Debug|Any CPU
		{57DAF918-7D5B-4EAA-A70C-5E580F36C4ED}.Debug|x86.ActiveCfg = Debug|Any CPU
		{57DAF918-7D5B-4EAA-A70C-5E580F36C4ED}.Debug|x86.Build.0 = Debug|Any CPU
		{57DAF918-7D5B-4EAA-A70C-5E580F36C4ED}.EasyTest|Any CPU.ActiveCfg = EasyTest|Any CPU
		{57DAF918-7D5B-4EAA-A70C-5E580F36C4ED}.EasyTest|Any CPU.Build.0 = EasyTest|Any CPU
		{57DAF918-7D5B-4EAA-A70C-5E580F36C4ED}.EasyTest|x86.ActiveCfg = EasyTest|Any CPU
		{57DAF918-7D5B-4EAA-A70C-5E580F36C4ED}.EasyTest|x86.Build.0 = EasyTest|Any CPU
		{57DAF918-7D5B-4EAA-A70C-5E580F36C4ED}.Release|Any CPU.ActiveCfg = Release|Any CPU
		{57DAF918-7D5B-4EAA-A70C-5E580F36C4ED}.Release|Any CPU.Build.0 = Release|Any CPU
		{57DAF918-7D5B-4EAA-A70C-5E580F36C4ED}.Release|x86.ActiveCfg = Release|Any CPU
		{57DAF918-7D5B-4EAA-A70C-5E580F36C4ED}.Release|x86.Build.0 = Release|Any CPU
	EndGlobalSection
	GlobalSection(SolutionProperties) = preSolution
		HideSolutionNode = FALSE
	EndGlobalSection
	GlobalSection(NestedProjects) = preSolution
		{5B146106-01EE-401F-A024-99C1BC2CC237} = {8F59E7E4-9606-4BAE-874D-01A3FF05034D}
		{D1D7AF11-8247-484C-8CB1-D15F1A8DEDC8} = {37BF83B1-84DE-4093-8F06-F4FC8EAE1E4F}
		{B9EF03FF-D05B-4FD4-A8E9-F90D819CB1DC} = {37BF83B1-84DE-4093-8F06-F4FC8EAE1E4F}
		{A0CBF966-805D-4532-8F04-2106E5C963F9} = {37BF83B1-84DE-4093-8F06-F4FC8EAE1E4F}
		{27104BF1-1EF2-47F5-B3DC-5CDCE2A41B08} = {8F59E7E4-9606-4BAE-874D-01A3FF05034D}
		{A7FF6A7B-37FF-425C-9620-4A528E104D5F} = {37BF83B1-84DE-4093-8F06-F4FC8EAE1E4F}
		{996F0F42-B494-44C4-837F-DB831FD5D860} = {37BF83B1-84DE-4093-8F06-F4FC8EAE1E4F}
		{5F15837D-D1E5-44DC-92F0-4F2EBE9C3F8D} = {37BF83B1-84DE-4093-8F06-F4FC8EAE1E4F}
		{0C729AAD-7626-4668-A7F1-35F7D240489D} = {37BF83B1-84DE-4093-8F06-F4FC8EAE1E4F}
		{7964F87D-BC5D-4C4E-8B2F-71E89739AA97} = {37BF83B1-84DE-4093-8F06-F4FC8EAE1E4F}
		{47EAA7DA-B85C-45A8-8E21-24FC12D56F65} = {37BF83B1-84DE-4093-8F06-F4FC8EAE1E4F}
		{B5C18C13-85C7-4749-9F2D-EF92D3692AD3} = {37BF83B1-84DE-4093-8F06-F4FC8EAE1E4F}
		{7F289837-77A8-471C-9A42-F48F39B0A27D} = {37BF83B1-84DE-4093-8F06-F4FC8EAE1E4F}
		{AFAF1C47-1D22-477C-AE2B-5054BA8F70F6} = {37BF83B1-84DE-4093-8F06-F4FC8EAE1E4F}
		{CEAB89B1-8D0D-4E61-8C36-2D8EFD2F202A} = {37BF83B1-84DE-4093-8F06-F4FC8EAE1E4F}
		{1CE44561-0989-454F-B5CA-847E2EEFDE7C} = {37BF83B1-84DE-4093-8F06-F4FC8EAE1E4F}
		{856E1953-586D-419D-BEB8-6D5D96ECAC86} = {37BF83B1-84DE-4093-8F06-F4FC8EAE1E4F}
		{EEA547E8-5DF9-4BCE-995C-A2789F7E05B9} = {8F59E7E4-9606-4BAE-874D-01A3FF05034D}
		{E8A8591E-FD7B-4E26-8DB2-872074F125EB} = {8F59E7E4-9606-4BAE-874D-01A3FF05034D}
		{06563356-2687-4BD0-827D-D48E673FE0CA} = {8F59E7E4-9606-4BAE-874D-01A3FF05034D}
		{51E0010F-CD1D-47BB-894C-D9347E48EE44} = {37BF83B1-84DE-4093-8F06-F4FC8EAE1E4F}
		{B0D86256-73E7-46D3-B728-346CA4190ECD} = {37BF83B1-84DE-4093-8F06-F4FC8EAE1E4F}
		{9BC86782-A468-49C5-86B6-FE63DE695D7A} = {37BF83B1-84DE-4093-8F06-F4FC8EAE1E4F}
		{E48A1957-827E-4348-A762-499E2641D38F} = {5AD7BC31-EB8D-4C00-990E-4EC42EBAC634}
		{C3AC81AE-C988-41D0-ADB8-D91B663A7219} = {5AD7BC31-EB8D-4C00-990E-4EC42EBAC634}
		{DC2F3AA2-ABDB-469E-B260-5FD5E9501529} = {C3AC81AE-C988-41D0-ADB8-D91B663A7219}
		{C71D9617-478D-4F1F-8434-286C67B8679B} = {C3AC81AE-C988-41D0-ADB8-D91B663A7219}
		{D384BDBB-8B10-4DC2-97E9-044A2B3E2ED4} = {C3AC81AE-C988-41D0-ADB8-D91B663A7219}
		{D05D93DF-312D-4D4E-B980-726871EC7833} = {C3AC81AE-C988-41D0-ADB8-D91B663A7219}
		{47334835-47A0-4256-91F9-529943F91C85} = {E48A1957-827E-4348-A762-499E2641D38F}
		{EE735356-CD44-43A7-BF7C-C9AFC2FB866A} = {E48A1957-827E-4348-A762-499E2641D38F}
		{A74D706D-9899-45E9-A305-98A6849739E0} = {E48A1957-827E-4348-A762-499E2641D38F}
		{82A6DBC9-B1B4-44E4-9718-55DF930CD349} = {E48A1957-827E-4348-A762-499E2641D38F}
		{5596BE8A-E00C-4DDA-B0BD-5BD6B47B0894} = {E48A1957-827E-4348-A762-499E2641D38F}
		{76ECC1EF-1F7F-4EDA-B688-EB1462385B0C} = {E48A1957-827E-4348-A762-499E2641D38F}
		{8DD9E439-67A0-4332-A5FE-EE0E8F071875} = {5AD7BC31-EB8D-4C00-990E-4EC42EBAC634}
		{5C705D59-B790-4C51-AD63-A93A9C161B78} = {37BF83B1-84DE-4093-8F06-F4FC8EAE1E4F}
		{11D6C053-1B48-4201-BA55-4579C0D6A1FD} = {37BF83B1-84DE-4093-8F06-F4FC8EAE1E4F}
		{EE046C45-E078-4DC9-9461-7E905CE67BF4} = {5AD7BC31-EB8D-4C00-990E-4EC42EBAC634}
		{C554F5D2-7295-4C65-BC70-AFBD251C51C8} = {EE046C45-E078-4DC9-9461-7E905CE67BF4}
		{13B1168A-9129-4523-8565-4A3B6968AF2C} = {EE046C45-E078-4DC9-9461-7E905CE67BF4}
		{C6F77575-7754-41EA-BC2E-A0BB3D838119} = {EE046C45-E078-4DC9-9461-7E905CE67BF4}
		{07F57354-223D-4AC0-AD8F-58743C33DEA2} = {EE046C45-E078-4DC9-9461-7E905CE67BF4}
		{A67A7ABA-88DA-4386-825E-0378EB462C6C} = {EE046C45-E078-4DC9-9461-7E905CE67BF4}
		{D405E707-AE60-4FC1-9F47-DD199479B063} = {8DD9E439-67A0-4332-A5FE-EE0E8F071875}
		{5D1EB263-186E-4997-A799-1D7661F33140} = {8DD9E439-67A0-4332-A5FE-EE0E8F071875}
		{05D167D7-A687-42D3-A3BC-10568CA39E0C} = {8DD9E439-67A0-4332-A5FE-EE0E8F071875}
		{4DF180EB-2B27-41C9-B439-6000C9F2936C} = {37BF83B1-84DE-4093-8F06-F4FC8EAE1E4F}
		{AD7BA40A-EFB1-43BA-AC0A-1CA39087EA1F} = {8F59E7E4-9606-4BAE-874D-01A3FF05034D}
		{17E6A5ED-68C0-4A24-9F2A-48C4052CF6E8} = {5AD7BC31-EB8D-4C00-990E-4EC42EBAC634}
		{54388EA2-1711-4C58-9AE9-E86EA935E1C5} = {17E6A5ED-68C0-4A24-9F2A-48C4052CF6E8}
		{5201A18B-D9DB-4DA1-9C7E-08CB950A7421} = {17E6A5ED-68C0-4A24-9F2A-48C4052CF6E8}
		{4A793AD7-2777-404E-B4F7-1F993FB104FE} = {17E6A5ED-68C0-4A24-9F2A-48C4052CF6E8}
		{FB0AB9C9-24A7-4118-9A3F-8D3E0566725E} = {17E6A5ED-68C0-4A24-9F2A-48C4052CF6E8}
		{57DAF918-7D5B-4EAA-A70C-5E580F36C4ED} = {17E6A5ED-68C0-4A24-9F2A-48C4052CF6E8}
	EndGlobalSection
EndGlobal
