
Microsoft Visual Studio Solution File, Format Version 12.00
# Visual Studio 2013
VisualStudioVersion = 12.0.40629.0
MinimumVisualStudioVersion = 10.0.40219.1
Project("{FAE04EC0-301F-11D3-BF4B-00C04F79EFBC}") = "Xafology.SequentialBaseObjectDemo.Module", "Xafology.SequentialBaseObjectDemo\Xafology.SequentialBaseObjectDemo.Module\Xafology.SequentialBaseObjectDemo.Module.csproj", "{5F15837D-D1E5-44DC-92F0-4F2EBE9C3F8D}"
EndProject
Project("{FAE04EC0-301F-11D3-BF4B-00C04F79EFBC}") = "Xafology.SequentialBaseObjectDemo.Module.Win", "Xafology.SequentialBaseObjectDemo\Xafology.SequentialBaseObjectDemo.Module.Win\Xafology.SequentialBaseObjectDemo.Module.Win.csproj", "{7964F87D-BC5D-4C4E-8B2F-71E89739AA97}"
EndProject
Project("{FAE04EC0-301F-11D3-BF4B-00C04F79EFBC}") = "Xafology.SequentialBaseObjectDemo.Win", "Xafology.SequentialBaseObjectDemo\Xafology.SequentialBaseObjectDemo.Win\Xafology.SequentialBaseObjectDemo.Win.csproj", "{D05D93DF-312D-4D4E-B980-726871EC7833}"
EndProject
Project("{FAE04EC0-301F-11D3-BF4B-00C04F79EFBC}") = "Xafology.ExpressApp", "Xafology.ExpressApp\Xafology.ExpressApp.csproj", "{D1D7AF11-8247-484C-8CB1-D15F1A8DEDC8}"
EndProject
Project("{FAE04EC0-301F-11D3-BF4B-00C04F79EFBC}") = "Xafology.Tests", "Xafology.Tests\Xafology.Tests.csproj", "{51E0010F-CD1D-47BB-894C-D9347E48EE44}"
EndProject
Project("{FAE04EC0-301F-11D3-BF4B-00C04F79EFBC}") = "Xafology.Utils", "Xafology.Utils\Xafology.Utils.csproj", "{27104BF1-1EF2-47F5-B3DC-5CDCE2A41B08}"
EndProject
Project("{FAE04EC0-301F-11D3-BF4B-00C04F79EFBC}") = "Xafology.ExpressApp.Xpo", "Xafology.ExpressApp.Xpo\Xafology.ExpressApp.Xpo.csproj", "{47EAA7DA-B85C-45A8-8E21-24FC12D56F65}"
EndProject
Global
	GlobalSection(SolutionConfigurationPlatforms) = preSolution
		Debug|Any CPU = Debug|Any CPU
		Debug|x86 = Debug|x86
		EasyTest|Any CPU = EasyTest|Any CPU
		EasyTest|x86 = EasyTest|x86
		Release|Any CPU = Release|Any CPU
		Release|x86 = Release|x86
	EndGlobalSection
	GlobalSection(ProjectConfigurationPlatforms) = postSolution
		{5F15837D-D1E5-44DC-92F0-4F2EBE9C3F8D}.Debug|Any CPU.ActiveCfg = Debug|Any CPU
		{5F15837D-D1E5-44DC-92F0-4F2EBE9C3F8D}.Debug|Any CPU.Build.0 = Debug|Any CPU
		{5F15837D-D1E5-44DC-92F0-4F2EBE9C3F8D}.Debug|x86.ActiveCfg = Debug|Any CPU
		{5F15837D-D1E5-44DC-92F0-4F2EBE9C3F8D}.EasyTest|Any CPU.ActiveCfg = EasyTest|Any CPU
		{5F15837D-D1E5-44DC-92F0-4F2EBE9C3F8D}.EasyTest|Any CPU.Build.0 = EasyTest|Any CPU
		{5F15837D-D1E5-44DC-92F0-4F2EBE9C3F8D}.EasyTest|x86.ActiveCfg = EasyTest|Any CPU
		{5F15837D-D1E5-44DC-92F0-4F2EBE9C3F8D}.Release|Any CPU.ActiveCfg = Release|Any CPU
		{5F15837D-D1E5-44DC-92F0-4F2EBE9C3F8D}.Release|Any CPU.Build.0 = Release|Any CPU
		{5F15837D-D1E5-44DC-92F0-4F2EBE9C3F8D}.Release|x86.ActiveCfg = Release|Any CPU
		{7964F87D-BC5D-4C4E-8B2F-71E89739AA97}.Debug|Any CPU.ActiveCfg = Debug|Any CPU
		{7964F87D-BC5D-4C4E-8B2F-71E89739AA97}.Debug|Any CPU.Build.0 = Debug|Any CPU
		{7964F87D-BC5D-4C4E-8B2F-71E89739AA97}.Debug|x86.ActiveCfg = Debug|Any CPU
		{7964F87D-BC5D-4C4E-8B2F-71E89739AA97}.EasyTest|Any CPU.ActiveCfg = EasyTest|Any CPU
		{7964F87D-BC5D-4C4E-8B2F-71E89739AA97}.EasyTest|Any CPU.Build.0 = EasyTest|Any CPU
		{7964F87D-BC5D-4C4E-8B2F-71E89739AA97}.EasyTest|x86.ActiveCfg = EasyTest|Any CPU
		{7964F87D-BC5D-4C4E-8B2F-71E89739AA97}.Release|Any CPU.ActiveCfg = Release|Any CPU
		{7964F87D-BC5D-4C4E-8B2F-71E89739AA97}.Release|Any CPU.Build.0 = Release|Any CPU
		{7964F87D-BC5D-4C4E-8B2F-71E89739AA97}.Release|x86.ActiveCfg = Release|Any CPU
		{D05D93DF-312D-4D4E-B980-726871EC7833}.Debug|Any CPU.ActiveCfg = Debug|Any CPU
		{D05D93DF-312D-4D4E-B980-726871EC7833}.Debug|Any CPU.Build.0 = Debug|Any CPU
		{D05D93DF-312D-4D4E-B980-726871EC7833}.Debug|x86.ActiveCfg = Debug|Any CPU
		{D05D93DF-312D-4D4E-B980-726871EC7833}.EasyTest|Any CPU.ActiveCfg = EasyTest|Any CPU
		{D05D93DF-312D-4D4E-B980-726871EC7833}.EasyTest|Any CPU.Build.0 = EasyTest|Any CPU
		{D05D93DF-312D-4D4E-B980-726871EC7833}.EasyTest|x86.ActiveCfg = EasyTest|Any CPU
		{D05D93DF-312D-4D4E-B980-726871EC7833}.Release|Any CPU.ActiveCfg = Release|Any CPU
		{D05D93DF-312D-4D4E-B980-726871EC7833}.Release|Any CPU.Build.0 = Release|Any CPU
		{D05D93DF-312D-4D4E-B980-726871EC7833}.Release|x86.ActiveCfg = Release|Any CPU
		{D1D7AF11-8247-484C-8CB1-D15F1A8DEDC8}.Debug|Any CPU.ActiveCfg = Debug|Any CPU
		{D1D7AF11-8247-484C-8CB1-D15F1A8DEDC8}.Debug|Any CPU.Build.0 = Debug|Any CPU
		{D1D7AF11-8247-484C-8CB1-D15F1A8DEDC8}.Debug|x86.ActiveCfg = Debug|x86
		{D1D7AF11-8247-484C-8CB1-D15F1A8DEDC8}.Debug|x86.Build.0 = Debug|x86
		{D1D7AF11-8247-484C-8CB1-D15F1A8DEDC8}.EasyTest|Any CPU.ActiveCfg = Release|Any CPU
		{D1D7AF11-8247-484C-8CB1-D15F1A8DEDC8}.EasyTest|Any CPU.Build.0 = Release|Any CPU
		{D1D7AF11-8247-484C-8CB1-D15F1A8DEDC8}.EasyTest|x86.ActiveCfg = Release|x86
		{D1D7AF11-8247-484C-8CB1-D15F1A8DEDC8}.EasyTest|x86.Build.0 = Release|x86
		{D1D7AF11-8247-484C-8CB1-D15F1A8DEDC8}.Release|Any CPU.ActiveCfg = Release|Any CPU
		{D1D7AF11-8247-484C-8CB1-D15F1A8DEDC8}.Release|Any CPU.Build.0 = Release|Any CPU
		{D1D7AF11-8247-484C-8CB1-D15F1A8DEDC8}.Release|x86.ActiveCfg = Release|x86
		{D1D7AF11-8247-484C-8CB1-D15F1A8DEDC8}.Release|x86.Build.0 = Release|x86
		{51E0010F-CD1D-47BB-894C-D9347E48EE44}.Debug|Any CPU.ActiveCfg = Debug|Any CPU
		{51E0010F-CD1D-47BB-894C-D9347E48EE44}.Debug|Any CPU.Build.0 = Debug|Any CPU
		{51E0010F-CD1D-47BB-894C-D9347E48EE44}.Debug|x86.ActiveCfg = Debug|Any CPU
		{51E0010F-CD1D-47BB-894C-D9347E48EE44}.EasyTest|Any CPU.ActiveCfg = Release|Any CPU
		{51E0010F-CD1D-47BB-894C-D9347E48EE44}.EasyTest|Any CPU.Build.0 = Release|Any CPU
		{51E0010F-CD1D-47BB-894C-D9347E48EE44}.EasyTest|x86.ActiveCfg = Release|Any CPU
		{51E0010F-CD1D-47BB-894C-D9347E48EE44}.Release|Any CPU.ActiveCfg = Release|Any CPU
		{51E0010F-CD1D-47BB-894C-D9347E48EE44}.Release|Any CPU.Build.0 = Release|Any CPU
		{51E0010F-CD1D-47BB-894C-D9347E48EE44}.Release|x86.ActiveCfg = Release|Any CPU
		{27104BF1-1EF2-47F5-B3DC-5CDCE2A41B08}.Debug|Any CPU.ActiveCfg = Debug|Any CPU
		{27104BF1-1EF2-47F5-B3DC-5CDCE2A41B08}.Debug|Any CPU.Build.0 = Debug|Any CPU
		{27104BF1-1EF2-47F5-B3DC-5CDCE2A41B08}.Debug|x86.ActiveCfg = Debug|x86
		{27104BF1-1EF2-47F5-B3DC-5CDCE2A41B08}.Debug|x86.Build.0 = Debug|x86
		{27104BF1-1EF2-47F5-B3DC-5CDCE2A41B08}.EasyTest|Any CPU.ActiveCfg = Release|Any CPU
		{27104BF1-1EF2-47F5-B3DC-5CDCE2A41B08}.EasyTest|Any CPU.Build.0 = Release|Any CPU
		{27104BF1-1EF2-47F5-B3DC-5CDCE2A41B08}.EasyTest|x86.ActiveCfg = Release|x86
		{27104BF1-1EF2-47F5-B3DC-5CDCE2A41B08}.EasyTest|x86.Build.0 = Release|x86
		{27104BF1-1EF2-47F5-B3DC-5CDCE2A41B08}.Release|Any CPU.ActiveCfg = Release|Any CPU
		{27104BF1-1EF2-47F5-B3DC-5CDCE2A41B08}.Release|Any CPU.Build.0 = Release|Any CPU
		{27104BF1-1EF2-47F5-B3DC-5CDCE2A41B08}.Release|x86.ActiveCfg = Release|x86
		{27104BF1-1EF2-47F5-B3DC-5CDCE2A41B08}.Release|x86.Build.0 = Release|x86
		{47EAA7DA-B85C-45A8-8E21-24FC12D56F65}.Debug|Any CPU.ActiveCfg = Debug|Any CPU
		{47EAA7DA-B85C-45A8-8E21-24FC12D56F65}.Debug|Any CPU.Build.0 = Debug|Any CPU
		{47EAA7DA-B85C-45A8-8E21-24FC12D56F65}.Debug|x86.ActiveCfg = Debug|Any CPU
		{47EAA7DA-B85C-45A8-8E21-24FC12D56F65}.EasyTest|Any CPU.ActiveCfg = Release|Any CPU
		{47EAA7DA-B85C-45A8-8E21-24FC12D56F65}.EasyTest|Any CPU.Build.0 = Release|Any CPU
		{47EAA7DA-B85C-45A8-8E21-24FC12D56F65}.EasyTest|x86.ActiveCfg = Release|Any CPU
		{47EAA7DA-B85C-45A8-8E21-24FC12D56F65}.Release|Any CPU.ActiveCfg = Release|Any CPU
		{47EAA7DA-B85C-45A8-8E21-24FC12D56F65}.Release|Any CPU.Build.0 = Release|Any CPU
		{47EAA7DA-B85C-45A8-8E21-24FC12D56F65}.Release|x86.ActiveCfg = Release|Any CPU
	EndGlobalSection
	GlobalSection(SolutionProperties) = preSolution
		HideSolutionNode = FALSE
	EndGlobalSection
EndGlobal
