
Microsoft Visual Studio Solution File, Format Version 12.00
# Visual Studio 14
VisualStudioVersion = 14.0.24720.0
MinimumVisualStudioVersion = 10.0.40219.1
Project("{FAE04EC0-301F-11D3-BF4B-00C04F79EFBC}") = "Xafology.ImportDemo.Module", "Xafology.ImportDemoV2\Xafology.ImportDemo.Module\Xafology.ImportDemo.Module.csproj", "{5F15837D-D1E5-44DC-92F0-4F2EBE9C3F8D}"
EndProject
Project("{FAE04EC0-301F-11D3-BF4B-00C04F79EFBC}") = "Xafology.ImportDemo.Module.Web", "Xafology.ImportDemoV2\Xafology.ImportDemo.Module.Web\Xafology.ImportDemo.Module.Web.csproj", "{0C729AAD-7626-4668-A7F1-35F7D240489D}"
EndProject
Project("{FAE04EC0-301F-11D3-BF4B-00C04F79EFBC}") = "Xafology.ImportDemo.Web", "Xafology.ImportDemoV2\Xafology.ImportDemo.Web\Xafology.ImportDemo.Web.csproj", "{82A6DBC9-B1B4-44E4-9718-55DF930CD349}"
EndProject
Project("{FAE04EC0-301F-11D3-BF4B-00C04F79EFBC}") = "Xafology.ImportDemo.Module.Win", "Xafology.ImportDemoV2\Xafology.ImportDemo.Module.Win\Xafology.ImportDemo.Module.Win.csproj", "{7964F87D-BC5D-4C4E-8B2F-71E89739AA97}"
EndProject
Project("{FAE04EC0-301F-11D3-BF4B-00C04F79EFBC}") = "Xafology.ImportDemo.Win", "Xafology.ImportDemoV2\Xafology.ImportDemo.Win\Xafology.ImportDemo.Win.csproj", "{D05D93DF-312D-4D4E-B980-726871EC7833}"
EndProject
Project("{FAE04EC0-301F-11D3-BF4B-00C04F79EFBC}") = "Xafology.ExpressApp", "Xafology.ExpressApp\Xafology.ExpressApp.csproj", "{D1D7AF11-8247-484C-8CB1-D15F1A8DEDC8}"
EndProject
Project("{FAE04EC0-301F-11D3-BF4B-00C04F79EFBC}") = "Xafology.ExpressApp.Xpo", "Xafology.ExpressApp.Xpo\Xafology.ExpressApp.Xpo.csproj", "{47EAA7DA-B85C-45A8-8E21-24FC12D56F65}"
EndProject
Project("{FAE04EC0-301F-11D3-BF4B-00C04F79EFBC}") = "Xafology.ExpressApp.Concurrency", "Xafology.ExpressApp.Concurrency\Xafology.ExpressApp.Concurrency.csproj", "{A7FF6A7B-37FF-425C-9620-4A528E104D5F}"
EndProject
Project("{FAE04EC0-301F-11D3-BF4B-00C04F79EFBC}") = "Xafology.Utils", "Xafology.Utils\Xafology.Utils.csproj", "{27104BF1-1EF2-47F5-B3DC-5CDCE2A41B08}"
EndProject
Project("{FAE04EC0-301F-11D3-BF4B-00C04F79EFBC}") = "Xafology.ExpressApp.Xpo.Import", "Xafology.ExpressApp.Xpo.ImportV2\Xafology.ExpressApp.Xpo.Import.csproj", "{B0D86256-73E7-46D3-B728-346CA4190ECD}"
EndProject
Project("{FAE04EC0-301F-11D3-BF4B-00C04F79EFBC}") = "Xafology.UnitTests", "Xafology.UnitTests\Xafology.UnitTests.csproj", "{76ECC1EF-1F7F-4EDA-B688-EB1462385B0C}"
EndProject
Project("{FAE04EC0-301F-11D3-BF4B-00C04F79EFBC}") = "Xafology.TestUtils", "Xafology.Tests\Xafology.TestUtils.csproj", "{51E0010F-CD1D-47BB-894C-D9347E48EE44}"
EndProject
Global
	GlobalSection(SolutionConfigurationPlatforms) = preSolution
		Debug|Any CPU = Debug|Any CPU
		Debug|x86 = Debug|x86
		EasyTest|Any CPU = EasyTest|Any CPU
		EasyTest|x86 = EasyTest|x86
		Release|Any CPU = Release|Any CPU
		Release|x86 = Release|x86
	EndGlobalSection
	GlobalSection(ProjectConfigurationPlatforms) = postSolution
		{5F15837D-D1E5-44DC-92F0-4F2EBE9C3F8D}.Debug|Any CPU.ActiveCfg = Debug|Any CPU
		{5F15837D-D1E5-44DC-92F0-4F2EBE9C3F8D}.Debug|Any CPU.Build.0 = Debug|Any CPU
		{5F15837D-D1E5-44DC-92F0-4F2EBE9C3F8D}.Debug|x86.ActiveCfg = Debug|Any CPU
		{5F15837D-D1E5-44DC-92F0-4F2EBE9C3F8D}.EasyTest|Any CPU.ActiveCfg = EasyTest|Any CPU
		{5F15837D-D1E5-44DC-92F0-4F2EBE9C3F8D}.EasyTest|Any CPU.Build.0 = EasyTest|Any CPU
		{5F15837D-D1E5-44DC-92F0-4F2EBE9C3F8D}.EasyTest|x86.ActiveCfg = EasyTest|Any CPU
		{5F15837D-D1E5-44DC-92F0-4F2EBE9C3F8D}.Release|Any CPU.ActiveCfg = Release|Any CPU
		{5F15837D-D1E5-44DC-92F0-4F2EBE9C3F8D}.Release|Any CPU.Build.0 = Release|Any CPU
		{5F15837D-D1E5-44DC-92F0-4F2EBE9C3F8D}.Release|x86.ActiveCfg = Release|Any CPU
		{0C729AAD-7626-4668-A7F1-35F7D240489D}.Debug|Any CPU.ActiveCfg = Debug|Any CPU
		{0C729AAD-7626-4668-A7F1-35F7D240489D}.Debug|Any CPU.Build.0 = Debug|Any CPU
		{0C729AAD-7626-4668-A7F1-35F7D240489D}.Debug|x86.ActiveCfg = Debug|Any CPU
		{0C729AAD-7626-4668-A7F1-35F7D240489D}.EasyTest|Any CPU.ActiveCfg = EasyTest|Any CPU
		{0C729AAD-7626-4668-A7F1-35F7D240489D}.EasyTest|Any CPU.Build.0 = EasyTest|Any CPU
		{0C729AAD-7626-4668-A7F1-35F7D240489D}.EasyTest|x86.ActiveCfg = EasyTest|Any CPU
		{0C729AAD-7626-4668-A7F1-35F7D240489D}.Release|Any CPU.ActiveCfg = Release|Any CPU
		{0C729AAD-7626-4668-A7F1-35F7D240489D}.Release|Any CPU.Build.0 = Release|Any CPU
		{0C729AAD-7626-4668-A7F1-35F7D240489D}.Release|x86.ActiveCfg = Release|Any CPU
		{82A6DBC9-B1B4-44E4-9718-55DF930CD349}.Debug|Any CPU.ActiveCfg = Debug|Any CPU
		{82A6DBC9-B1B4-44E4-9718-55DF930CD349}.Debug|Any CPU.Build.0 = Debug|Any CPU
		{82A6DBC9-B1B4-44E4-9718-55DF930CD349}.Debug|x86.ActiveCfg = Debug|Any CPU
		{82A6DBC9-B1B4-44E4-9718-55DF930CD349}.EasyTest|Any CPU.ActiveCfg = EasyTest|Any CPU
		{82A6DBC9-B1B4-44E4-9718-55DF930CD349}.EasyTest|Any CPU.Build.0 = EasyTest|Any CPU
		{82A6DBC9-B1B4-44E4-9718-55DF930CD349}.EasyTest|x86.ActiveCfg = EasyTest|Any CPU
		{82A6DBC9-B1B4-44E4-9718-55DF930CD349}.Release|Any CPU.ActiveCfg = Release|Any CPU
		{82A6DBC9-B1B4-44E4-9718-55DF930CD349}.Release|Any CPU.Build.0 = Release|Any CPU
		{82A6DBC9-B1B4-44E4-9718-55DF930CD349}.Release|x86.ActiveCfg = Release|Any CPU
		{7964F87D-BC5D-4C4E-8B2F-71E89739AA97}.Debug|Any CPU.ActiveCfg = Debug|Any CPU
		{7964F87D-BC5D-4C4E-8B2F-71E89739AA97}.Debug|Any CPU.Build.0 = Debug|Any CPU
		{7964F87D-BC5D-4C4E-8B2F-71E89739AA97}.Debug|x86.ActiveCfg = Debug|Any CPU
		{7964F87D-BC5D-4C4E-8B2F-71E89739AA97}.EasyTest|Any CPU.ActiveCfg = EasyTest|Any CPU
		{7964F87D-BC5D-4C4E-8B2F-71E89739AA97}.EasyTest|Any CPU.Build.0 = EasyTest|Any CPU
		{7964F87D-BC5D-4C4E-8B2F-71E89739AA97}.EasyTest|x86.ActiveCfg = EasyTest|Any CPU
		{7964F87D-BC5D-4C4E-8B2F-71E89739AA97}.Release|Any CPU.ActiveCfg = Release|Any CPU
		{7964F87D-BC5D-4C4E-8B2F-71E89739AA97}.Release|Any CPU.Build.0 = Release|Any CPU
		{7964F87D-BC5D-4C4E-8B2F-71E89739AA97}.Release|x86.ActiveCfg = Release|Any CPU
		{D05D93DF-312D-4D4E-B980-726871EC7833}.Debug|Any CPU.ActiveCfg = Debug|Any CPU
		{D05D93DF-312D-4D4E-B980-726871EC7833}.Debug|Any CPU.Build.0 = Debug|Any CPU
		{D05D93DF-312D-4D4E-B980-726871EC7833}.Debug|x86.ActiveCfg = Debug|Any CPU
		{D05D93DF-312D-4D4E-B980-726871EC7833}.EasyTest|Any CPU.ActiveCfg = EasyTest|Any CPU
		{D05D93DF-312D-4D4E-B980-726871EC7833}.EasyTest|Any CPU.Build.0 = EasyTest|Any CPU
		{D05D93DF-312D-4D4E-B980-726871EC7833}.EasyTest|x86.ActiveCfg = EasyTest|Any CPU
		{D05D93DF-312D-4D4E-B980-726871EC7833}.Release|Any CPU.ActiveCfg = Release|Any CPU
		{D05D93DF-312D-4D4E-B980-726871EC7833}.Release|Any CPU.Build.0 = Release|Any CPU
		{D05D93DF-312D-4D4E-B980-726871EC7833}.Release|x86.ActiveCfg = Release|Any CPU
		{D1D7AF11-8247-484C-8CB1-D15F1A8DEDC8}.Debug|Any CPU.ActiveCfg = Debug|Any CPU
		{D1D7AF11-8247-484C-8CB1-D15F1A8DEDC8}.Debug|Any CPU.Build.0 = Debug|Any CPU
		{D1D7AF11-8247-484C-8CB1-D15F1A8DEDC8}.Debug|x86.ActiveCfg = Debug|x86
		{D1D7AF11-8247-484C-8CB1-D15F1A8DEDC8}.Debug|x86.Build.0 = Debug|x86
		{D1D7AF11-8247-484C-8CB1-D15F1A8DEDC8}.EasyTest|Any CPU.ActiveCfg = Release|Any CPU
		{D1D7AF11-8247-484C-8CB1-D15F1A8DEDC8}.EasyTest|Any CPU.Build.0 = Release|Any CPU
		{D1D7AF11-8247-484C-8CB1-D15F1A8DEDC8}.EasyTest|x86.ActiveCfg = Release|x86
		{D1D7AF11-8247-484C-8CB1-D15F1A8DEDC8}.EasyTest|x86.Build.0 = Release|x86
		{D1D7AF11-8247-484C-8CB1-D15F1A8DEDC8}.Release|Any CPU.ActiveCfg = Release|Any CPU
		{D1D7AF11-8247-484C-8CB1-D15F1A8DEDC8}.Release|Any CPU.Build.0 = Release|Any CPU
		{D1D7AF11-8247-484C-8CB1-D15F1A8DEDC8}.Release|x86.ActiveCfg = Release|x86
		{D1D7AF11-8247-484C-8CB1-D15F1A8DEDC8}.Release|x86.Build.0 = Release|x86
		{47EAA7DA-B85C-45A8-8E21-24FC12D56F65}.Debug|Any CPU.ActiveCfg = Debug|Any CPU
		{47EAA7DA-B85C-45A8-8E21-24FC12D56F65}.Debug|Any CPU.Build.0 = Debug|Any CPU
		{47EAA7DA-B85C-45A8-8E21-24FC12D56F65}.Debug|x86.ActiveCfg = Debug|Any CPU
		{47EAA7DA-B85C-45A8-8E21-24FC12D56F65}.EasyTest|Any CPU.ActiveCfg = Release|Any CPU
		{47EAA7DA-B85C-45A8-8E21-24FC12D56F65}.EasyTest|Any CPU.Build.0 = Release|Any CPU
		{47EAA7DA-B85C-45A8-8E21-24FC12D56F65}.EasyTest|x86.ActiveCfg = Release|Any CPU
		{47EAA7DA-B85C-45A8-8E21-24FC12D56F65}.Release|Any CPU.ActiveCfg = Release|Any CPU
		{47EAA7DA-B85C-45A8-8E21-24FC12D56F65}.Release|Any CPU.Build.0 = Release|Any CPU
		{47EAA7DA-B85C-45A8-8E21-24FC12D56F65}.Release|x86.ActiveCfg = Release|Any CPU
		{A7FF6A7B-37FF-425C-9620-4A528E104D5F}.Debug|Any CPU.ActiveCfg = Debug|Any CPU
		{A7FF6A7B-37FF-425C-9620-4A528E104D5F}.Debug|Any CPU.Build.0 = Debug|Any CPU
		{A7FF6A7B-37FF-425C-9620-4A528E104D5F}.Debug|x86.ActiveCfg = Debug|Any CPU
		{A7FF6A7B-37FF-425C-9620-4A528E104D5F}.EasyTest|Any CPU.ActiveCfg = Release|Any CPU
		{A7FF6A7B-37FF-425C-9620-4A528E104D5F}.EasyTest|Any CPU.Build.0 = Release|Any CPU
		{A7FF6A7B-37FF-425C-9620-4A528E104D5F}.EasyTest|x86.ActiveCfg = Release|Any CPU
		{A7FF6A7B-37FF-425C-9620-4A528E104D5F}.Release|Any CPU.ActiveCfg = Release|Any CPU
		{A7FF6A7B-37FF-425C-9620-4A528E104D5F}.Release|Any CPU.Build.0 = Release|Any CPU
		{A7FF6A7B-37FF-425C-9620-4A528E104D5F}.Release|x86.ActiveCfg = Release|Any CPU
		{27104BF1-1EF2-47F5-B3DC-5CDCE2A41B08}.Debug|Any CPU.ActiveCfg = Debug|Any CPU
		{27104BF1-1EF2-47F5-B3DC-5CDCE2A41B08}.Debug|Any CPU.Build.0 = Debug|Any CPU
		{27104BF1-1EF2-47F5-B3DC-5CDCE2A41B08}.Debug|x86.ActiveCfg = Debug|x86
		{27104BF1-1EF2-47F5-B3DC-5CDCE2A41B08}.Debug|x86.Build.0 = Debug|x86
		{27104BF1-1EF2-47F5-B3DC-5CDCE2A41B08}.EasyTest|Any CPU.ActiveCfg = Release|Any CPU
		{27104BF1-1EF2-47F5-B3DC-5CDCE2A41B08}.EasyTest|Any CPU.Build.0 = Release|Any CPU
		{27104BF1-1EF2-47F5-B3DC-5CDCE2A41B08}.EasyTest|x86.ActiveCfg = Release|x86
		{27104BF1-1EF2-47F5-B3DC-5CDCE2A41B08}.EasyTest|x86.Build.0 = Release|x86
		{27104BF1-1EF2-47F5-B3DC-5CDCE2A41B08}.Release|Any CPU.ActiveCfg = Release|Any CPU
		{27104BF1-1EF2-47F5-B3DC-5CDCE2A41B08}.Release|Any CPU.Build.0 = Release|Any CPU
		{27104BF1-1EF2-47F5-B3DC-5CDCE2A41B08}.Release|x86.ActiveCfg = Release|x86
		{27104BF1-1EF2-47F5-B3DC-5CDCE2A41B08}.Release|x86.Build.0 = Release|x86
		{B0D86256-73E7-46D3-B728-346CA4190ECD}.Debug|Any CPU.ActiveCfg = Debug|Any CPU
		{B0D86256-73E7-46D3-B728-346CA4190ECD}.Debug|Any CPU.Build.0 = Debug|Any CPU
		{B0D86256-73E7-46D3-B728-346CA4190ECD}.Debug|x86.ActiveCfg = Debug|Any CPU
		{B0D86256-73E7-46D3-B728-346CA4190ECD}.EasyTest|Any CPU.ActiveCfg = Release|Any CPU
		{B0D86256-73E7-46D3-B728-346CA4190ECD}.EasyTest|Any CPU.Build.0 = Release|Any CPU
		{B0D86256-73E7-46D3-B728-346CA4190ECD}.EasyTest|x86.ActiveCfg = Release|Any CPU
		{B0D86256-73E7-46D3-B728-346CA4190ECD}.Release|Any CPU.ActiveCfg = Release|Any CPU
		{B0D86256-73E7-46D3-B728-346CA4190ECD}.Release|Any CPU.Build.0 = Release|Any CPU
		{B0D86256-73E7-46D3-B728-346CA4190ECD}.Release|x86.ActiveCfg = Release|Any CPU
		{76ECC1EF-1F7F-4EDA-B688-EB1462385B0C}.Debug|Any CPU.ActiveCfg = Debug|Any CPU
		{76ECC1EF-1F7F-4EDA-B688-EB1462385B0C}.Debug|Any CPU.Build.0 = Debug|Any CPU
		{76ECC1EF-1F7F-4EDA-B688-EB1462385B0C}.Debug|x86.ActiveCfg = Debug|Any CPU
		{76ECC1EF-1F7F-4EDA-B688-EB1462385B0C}.EasyTest|Any CPU.ActiveCfg = Release|Any CPU
		{76ECC1EF-1F7F-4EDA-B688-EB1462385B0C}.EasyTest|Any CPU.Build.0 = Release|Any CPU
		{76ECC1EF-1F7F-4EDA-B688-EB1462385B0C}.EasyTest|x86.ActiveCfg = Release|Any CPU
		{76ECC1EF-1F7F-4EDA-B688-EB1462385B0C}.Release|Any CPU.ActiveCfg = Release|Any CPU
		{76ECC1EF-1F7F-4EDA-B688-EB1462385B0C}.Release|Any CPU.Build.0 = Release|Any CPU
		{76ECC1EF-1F7F-4EDA-B688-EB1462385B0C}.Release|x86.ActiveCfg = Release|Any CPU
		{51E0010F-CD1D-47BB-894C-D9347E48EE44}.Debug|Any CPU.ActiveCfg = Debug|Any CPU
		{51E0010F-CD1D-47BB-894C-D9347E48EE44}.Debug|Any CPU.Build.0 = Debug|Any CPU
		{51E0010F-CD1D-47BB-894C-D9347E48EE44}.Debug|x86.ActiveCfg = Debug|Any CPU
		{51E0010F-CD1D-47BB-894C-D9347E48EE44}.EasyTest|Any CPU.ActiveCfg = Release|Any CPU
		{51E0010F-CD1D-47BB-894C-D9347E48EE44}.EasyTest|Any CPU.Build.0 = Release|Any CPU
		{51E0010F-CD1D-47BB-894C-D9347E48EE44}.EasyTest|x86.ActiveCfg = Release|Any CPU
		{51E0010F-CD1D-47BB-894C-D9347E48EE44}.Release|Any CPU.ActiveCfg = Release|Any CPU
		{51E0010F-CD1D-47BB-894C-D9347E48EE44}.Release|Any CPU.Build.0 = Release|Any CPU
		{51E0010F-CD1D-47BB-894C-D9347E48EE44}.Release|x86.ActiveCfg = Release|Any CPU
	EndGlobalSection
	GlobalSection(SolutionProperties) = preSolution
		HideSolutionNode = FALSE
	EndGlobalSection
EndGlobal
