
Microsoft Visual Studio Solution File, Format Version 12.00
# Visual Studio 2013
VisualStudioVersion = 12.0.30501.0
MinimumVisualStudioVersion = 10.0.40219.1
Project("{FAE04EC0-301F-11D3-BF4B-00C04F79EFBC}") = "Xafology.PivotGrid", "Xafology.PivotGrid\Xafology.PivotGrid.csproj", "{EEA547E8-5DF9-4BCE-995C-A2789F7E05B9}"
EndProject
Project("{FAE04EC0-301F-11D3-BF4B-00C04F79EFBC}") = "PivotGridLayoutDemo.Module", "Xafology.ExpressApp.PivotGridLayout\PivotGridLayoutDemo.Module\PivotGridLayoutDemo.Module.csproj", "{5F15837D-D1E5-44DC-92F0-4F2EBE9C3F8D}"
EndProject
Project("{FAE04EC0-301F-11D3-BF4B-00C04F79EFBC}") = "PivotGridLayoutDemo.Module.Web", "Xafology.ExpressApp.PivotGridLayout\PivotGridLayoutDemo.Module.Web\PivotGridLayoutDemo.Module.Web.csproj", "{0C729AAD-7626-4668-A7F1-35F7D240489D}"
EndProject
Project("{FAE04EC0-301F-11D3-BF4B-00C04F79EFBC}") = "PivotGridLayoutDemo.Web", "Xafology.ExpressApp.PivotGridLayout\PivotGridLayoutDemo.Web\PivotGridLayoutDemo.Web.csproj", "{82A6DBC9-B1B4-44E4-9718-55DF930CD349}"
EndProject
Project("{FAE04EC0-301F-11D3-BF4B-00C04F79EFBC}") = "PivotGridLayoutDemo.Module.Win", "Xafology.ExpressApp.PivotGridLayout\PivotGridLayoutDemo.Module.Win\PivotGridLayoutDemo.Module.Win.csproj", "{7964F87D-BC5D-4C4E-8B2F-71E89739AA97}"
EndProject
Project("{FAE04EC0-301F-11D3-BF4B-00C04F79EFBC}") = "PivotGridLayoutDemo.Win", "Xafology.ExpressApp.PivotGridLayout\PivotGridLayoutDemo.Win\PivotGridLayoutDemo.Win.csproj", "{D05D93DF-312D-4D4E-B980-726871EC7833}"
EndProject
Project("{FAE04EC0-301F-11D3-BF4B-00C04F79EFBC}") = "Xafology.ExpressApp.PivotGridLayout", "Xafology.ExpressApp.PivotGridLayout\Xafology.ExpressApp.PivotGridLayout\Xafology.ExpressApp.PivotGridLayout.csproj", "{CEAB89B1-8D0D-4E61-8C36-2D8EFD2F202A}"
EndProject
Project("{FAE04EC0-301F-11D3-BF4B-00C04F79EFBC}") = "Xafology.ExpressApp.PivotGridLayout.Web", "Xafology.ExpressApp.PivotGridLayout\Xafology.ExpressApp.PivotGridLayout.Web\Xafology.ExpressApp.PivotGridLayout.Web.csproj", "{856E1953-586D-419D-BEB8-6D5D96ECAC86}"
EndProject
Project("{FAE04EC0-301F-11D3-BF4B-00C04F79EFBC}") = "Xafology.ExpressApp.PivotGridLayout.Win", "Xafology.ExpressApp.PivotGridLayout\Xafology.ExpressApp.PivotGridLayout.Win\Xafology.ExpressApp.PivotGridLayout.Win.csproj", "{AFAF1C47-1D22-477C-AE2B-5054BA8F70F6}"
EndProject
Global
	GlobalSection(SolutionConfigurationPlatforms) = preSolution
		Debug|Any CPU = Debug|Any CPU
		Debug|x86 = Debug|x86
		EasyTest|Any CPU = EasyTest|Any CPU
		EasyTest|x86 = EasyTest|x86
		Release|Any CPU = Release|Any CPU
		Release|x86 = Release|x86
	EndGlobalSection
	GlobalSection(ProjectConfigurationPlatforms) = postSolution
		{EEA547E8-5DF9-4BCE-995C-A2789F7E05B9}.Debug|Any CPU.ActiveCfg = Debug|Any CPU
		{EEA547E8-5DF9-4BCE-995C-A2789F7E05B9}.Debug|Any CPU.Build.0 = Debug|Any CPU
		{EEA547E8-5DF9-4BCE-995C-A2789F7E05B9}.Debug|x86.ActiveCfg = Debug|x86
		{EEA547E8-5DF9-4BCE-995C-A2789F7E05B9}.Debug|x86.Build.0 = Debug|x86
		{EEA547E8-5DF9-4BCE-995C-A2789F7E05B9}.EasyTest|Any CPU.ActiveCfg = Release|Any CPU
		{EEA547E8-5DF9-4BCE-995C-A2789F7E05B9}.EasyTest|Any CPU.Build.0 = Release|Any CPU
		{EEA547E8-5DF9-4BCE-995C-A2789F7E05B9}.EasyTest|x86.ActiveCfg = Release|x86
		{EEA547E8-5DF9-4BCE-995C-A2789F7E05B9}.EasyTest|x86.Build.0 = Release|x86
		{EEA547E8-5DF9-4BCE-995C-A2789F7E05B9}.Release|Any CPU.ActiveCfg = Release|Any CPU
		{EEA547E8-5DF9-4BCE-995C-A2789F7E05B9}.Release|Any CPU.Build.0 = Release|Any CPU
		{EEA547E8-5DF9-4BCE-995C-A2789F7E05B9}.Release|x86.ActiveCfg = Release|x86
		{EEA547E8-5DF9-4BCE-995C-A2789F7E05B9}.Release|x86.Build.0 = Release|x86
		{5F15837D-D1E5-44DC-92F0-4F2EBE9C3F8D}.Debug|Any CPU.ActiveCfg = Debug|Any CPU
		{5F15837D-D1E5-44DC-92F0-4F2EBE9C3F8D}.Debug|Any CPU.Build.0 = Debug|Any CPU
		{5F15837D-D1E5-44DC-92F0-4F2EBE9C3F8D}.Debug|x86.ActiveCfg = Debug|Any CPU
		{5F15837D-D1E5-44DC-92F0-4F2EBE9C3F8D}.EasyTest|Any CPU.ActiveCfg = EasyTest|Any CPU
		{5F15837D-D1E5-44DC-92F0-4F2EBE9C3F8D}.EasyTest|Any CPU.Build.0 = EasyTest|Any CPU
		{5F15837D-D1E5-44DC-92F0-4F2EBE9C3F8D}.EasyTest|x86.ActiveCfg = EasyTest|Any CPU
		{5F15837D-D1E5-44DC-92F0-4F2EBE9C3F8D}.Release|Any CPU.ActiveCfg = Release|Any CPU
		{5F15837D-D1E5-44DC-92F0-4F2EBE9C3F8D}.Release|Any CPU.Build.0 = Release|Any CPU
		{5F15837D-D1E5-44DC-92F0-4F2EBE9C3F8D}.Release|x86.ActiveCfg = Release|Any CPU
		{0C729AAD-7626-4668-A7F1-35F7D240489D}.Debug|Any CPU.ActiveCfg = Debug|Any CPU
		{0C729AAD-7626-4668-A7F1-35F7D240489D}.Debug|Any CPU.Build.0 = Debug|Any CPU
		{0C729AAD-7626-4668-A7F1-35F7D240489D}.Debug|x86.ActiveCfg = Debug|Any CPU
		{0C729AAD-7626-4668-A7F1-35F7D240489D}.EasyTest|Any CPU.ActiveCfg = EasyTest|Any CPU
		{0C729AAD-7626-4668-A7F1-35F7D240489D}.EasyTest|Any CPU.Build.0 = EasyTest|Any CPU
		{0C729AAD-7626-4668-A7F1-35F7D240489D}.EasyTest|x86.ActiveCfg = EasyTest|Any CPU
		{0C729AAD-7626-4668-A7F1-35F7D240489D}.Release|Any CPU.ActiveCfg = Release|Any CPU
		{0C729AAD-7626-4668-A7F1-35F7D240489D}.Release|Any CPU.Build.0 = Release|Any CPU
		{0C729AAD-7626-4668-A7F1-35F7D240489D}.Release|x86.ActiveCfg = Release|Any CPU
		{82A6DBC9-B1B4-44E4-9718-55DF930CD349}.Debug|Any CPU.ActiveCfg = Debug|Any CPU
		{82A6DBC9-B1B4-44E4-9718-55DF930CD349}.Debug|Any CPU.Build.0 = Debug|Any CPU
		{82A6DBC9-B1B4-44E4-9718-55DF930CD349}.Debug|x86.ActiveCfg = Debug|Any CPU
		{82A6DBC9-B1B4-44E4-9718-55DF930CD349}.EasyTest|Any CPU.ActiveCfg = EasyTest|Any CPU
		{82A6DBC9-B1B4-44E4-9718-55DF930CD349}.EasyTest|Any CPU.Build.0 = EasyTest|Any CPU
		{82A6DBC9-B1B4-44E4-9718-55DF930CD349}.EasyTest|x86.ActiveCfg = EasyTest|Any CPU
		{82A6DBC9-B1B4-44E4-9718-55DF930CD349}.Release|Any CPU.ActiveCfg = Release|Any CPU
		{82A6DBC9-B1B4-44E4-9718-55DF930CD349}.Release|Any CPU.Build.0 = Release|Any CPU
		{82A6DBC9-B1B4-44E4-9718-55DF930CD349}.Release|x86.ActiveCfg = Release|Any CPU
		{7964F87D-BC5D-4C4E-8B2F-71E89739AA97}.Debug|Any CPU.ActiveCfg = Debug|Any CPU
		{7964F87D-BC5D-4C4E-8B2F-71E89739AA97}.Debug|Any CPU.Build.0 = Debug|Any CPU
		{7964F87D-BC5D-4C4E-8B2F-71E89739AA97}.Debug|x86.ActiveCfg = Debug|Any CPU
		{7964F87D-BC5D-4C4E-8B2F-71E89739AA97}.EasyTest|Any CPU.ActiveCfg = EasyTest|Any CPU
		{7964F87D-BC5D-4C4E-8B2F-71E89739AA97}.EasyTest|Any CPU.Build.0 = EasyTest|Any CPU
		{7964F87D-BC5D-4C4E-8B2F-71E89739AA97}.EasyTest|x86.ActiveCfg = EasyTest|Any CPU
		{7964F87D-BC5D-4C4E-8B2F-71E89739AA97}.Release|Any CPU.ActiveCfg = Release|Any CPU
		{7964F87D-BC5D-4C4E-8B2F-71E89739AA97}.Release|Any CPU.Build.0 = Release|Any CPU
		{7964F87D-BC5D-4C4E-8B2F-71E89739AA97}.Release|x86.ActiveCfg = Release|Any CPU
		{D05D93DF-312D-4D4E-B980-726871EC7833}.Debug|Any CPU.ActiveCfg = Debug|Any CPU
		{D05D93DF-312D-4D4E-B980-726871EC7833}.Debug|Any CPU.Build.0 = Debug|Any CPU
		{D05D93DF-312D-4D4E-B980-726871EC7833}.Debug|x86.ActiveCfg = Debug|Any CPU
		{D05D93DF-312D-4D4E-B980-726871EC7833}.EasyTest|Any CPU.ActiveCfg = EasyTest|Any CPU
		{D05D93DF-312D-4D4E-B980-726871EC7833}.EasyTest|Any CPU.Build.0 = EasyTest|Any CPU
		{D05D93DF-312D-4D4E-B980-726871EC7833}.EasyTest|x86.ActiveCfg = EasyTest|Any CPU
		{D05D93DF-312D-4D4E-B980-726871EC7833}.Release|Any CPU.ActiveCfg = Release|Any CPU
		{D05D93DF-312D-4D4E-B980-726871EC7833}.Release|Any CPU.Build.0 = Release|Any CPU
		{D05D93DF-312D-4D4E-B980-726871EC7833}.Release|x86.ActiveCfg = Release|Any CPU
		{CEAB89B1-8D0D-4E61-8C36-2D8EFD2F202A}.Debug|Any CPU.ActiveCfg = Debug|Any CPU
		{CEAB89B1-8D0D-4E61-8C36-2D8EFD2F202A}.Debug|Any CPU.Build.0 = Debug|Any CPU
		{CEAB89B1-8D0D-4E61-8C36-2D8EFD2F202A}.Debug|x86.ActiveCfg = Debug|Any CPU
		{CEAB89B1-8D0D-4E61-8C36-2D8EFD2F202A}.EasyTest|Any CPU.ActiveCfg = EasyTest|Any CPU
		{CEAB89B1-8D0D-4E61-8C36-2D8EFD2F202A}.EasyTest|Any CPU.Build.0 = EasyTest|Any CPU
		{CEAB89B1-8D0D-4E61-8C36-2D8EFD2F202A}.EasyTest|x86.ActiveCfg = EasyTest|Any CPU
		{CEAB89B1-8D0D-4E61-8C36-2D8EFD2F202A}.Release|Any CPU.ActiveCfg = Release|Any CPU
		{CEAB89B1-8D0D-4E61-8C36-2D8EFD2F202A}.Release|Any CPU.Build.0 = Release|Any CPU
		{CEAB89B1-8D0D-4E61-8C36-2D8EFD2F202A}.Release|x86.ActiveCfg = Release|Any CPU
		{856E1953-586D-419D-BEB8-6D5D96ECAC86}.Debug|Any CPU.ActiveCfg = Debug|Any CPU
		{856E1953-586D-419D-BEB8-6D5D96ECAC86}.Debug|Any CPU.Build.0 = Debug|Any CPU
		{856E1953-586D-419D-BEB8-6D5D96ECAC86}.Debug|x86.ActiveCfg = Debug|Any CPU
		{856E1953-586D-419D-BEB8-6D5D96ECAC86}.EasyTest|Any CPU.ActiveCfg = EasyTest|Any CPU
		{856E1953-586D-419D-BEB8-6D5D96ECAC86}.EasyTest|Any CPU.Build.0 = EasyTest|Any CPU
		{856E1953-586D-419D-BEB8-6D5D96ECAC86}.EasyTest|x86.ActiveCfg = EasyTest|Any CPU
		{856E1953-586D-419D-BEB8-6D5D96ECAC86}.Release|Any CPU.ActiveCfg = Release|Any CPU
		{856E1953-586D-419D-BEB8-6D5D96ECAC86}.Release|Any CPU.Build.0 = Release|Any CPU
		{856E1953-586D-419D-BEB8-6D5D96ECAC86}.Release|x86.ActiveCfg = Release|Any CPU
		{AFAF1C47-1D22-477C-AE2B-5054BA8F70F6}.Debug|Any CPU.ActiveCfg = Debug|Any CPU
		{AFAF1C47-1D22-477C-AE2B-5054BA8F70F6}.Debug|Any CPU.Build.0 = Debug|Any CPU
		{AFAF1C47-1D22-477C-AE2B-5054BA8F70F6}.Debug|x86.ActiveCfg = Debug|Any CPU
		{AFAF1C47-1D22-477C-AE2B-5054BA8F70F6}.EasyTest|Any CPU.ActiveCfg = EasyTest|Any CPU
		{AFAF1C47-1D22-477C-AE2B-5054BA8F70F6}.EasyTest|Any CPU.Build.0 = EasyTest|Any CPU
		{AFAF1C47-1D22-477C-AE2B-5054BA8F70F6}.EasyTest|x86.ActiveCfg = EasyTest|Any CPU
		{AFAF1C47-1D22-477C-AE2B-5054BA8F70F6}.Release|Any CPU.ActiveCfg = Release|Any CPU
		{AFAF1C47-1D22-477C-AE2B-5054BA8F70F6}.Release|Any CPU.Build.0 = Release|Any CPU
		{AFAF1C47-1D22-477C-AE2B-5054BA8F70F6}.Release|x86.ActiveCfg = Release|Any CPU
	EndGlobalSection
	GlobalSection(SolutionProperties) = preSolution
		HideSolutionNode = FALSE
	EndGlobalSection
EndGlobal
