
Microsoft Visual Studio Solution File, Format Version 12.00
# Visual Studio 2013
VisualStudioVersion = 12.0.30501.0
MinimumVisualStudioVersion = 10.0.40219.1
Project("{FAE04EC0-301F-11D3-BF4B-00C04F79EFBC}") = "Xafology.PropertyEditorDemo.Module", "Xafology.PropertyEditorDemo\Xafology.PropertyEditorDemo.Module\Xafology.PropertyEditorDemo.Module.csproj", "{5F15837D-D1E5-44DC-92F0-4F2EBE9C3F8D}"
EndProject
Project("{FAE04EC0-301F-11D3-BF4B-00C04F79EFBC}") = "Xafology.PropertyEditorDemo.Module.Web", "Xafology.PropertyEditorDemo\Xafology.PropertyEditorDemo.Module.Web\Xafology.PropertyEditorDemo.Module.Web.csproj", "{0C729AAD-7626-4668-A7F1-35F7D240489D}"
EndProject
Project("{FAE04EC0-301F-11D3-BF4B-00C04F79EFBC}") = "Xafology.PropertyEditorDemo.Web", "Xafology.PropertyEditorDemo\Xafology.PropertyEditorDemo.Web\Xafology.PropertyEditorDemo.Web.csproj", "{82A6DBC9-B1B4-44E4-9718-55DF930CD349}"
EndProject
Project("{FAE04EC0-301F-11D3-BF4B-00C04F79EFBC}") = "Xafology.PropertyEditorDemo.Module.Win", "Xafology.PropertyEditorDemo\Xafology.PropertyEditorDemo.Module.Win\Xafology.PropertyEditorDemo.Module.Win.csproj", "{7964F87D-BC5D-4C4E-8B2F-71E89739AA97}"
EndProject
Project("{FAE04EC0-301F-11D3-BF4B-00C04F79EFBC}") = "Xafology.PropertyEditorDemo.Win", "Xafology.PropertyEditorDemo\Xafology.PropertyEditorDemo.Win\Xafology.PropertyEditorDemo.Win.csproj", "{D05D93DF-312D-4D4E-B980-726871EC7833}"
EndProject
Project("{FAE04EC0-301F-11D3-BF4B-00C04F79EFBC}") = "Xafology.ExpressApp.Web", "Xafology.ExpressApp.Web\Xafology.ExpressApp.Web.csproj", "{B9EF03FF-D05B-4FD4-A8E9-F90D819CB1DC}"
EndProject
Project("{FAE04EC0-301F-11D3-BF4B-00C04F79EFBC}") = "Xafology.ExpressApp.Win", "Xafology.ExpressApp.Win\Xafology.ExpressApp.Win.csproj", "{A0CBF966-805D-4532-8F04-2106E5C963F9}"
EndProject
Project("{FAE04EC0-301F-11D3-BF4B-00C04F79EFBC}") = "Xafology.ExpressApp", "Xafology.ExpressApp\Xafology.ExpressApp.csproj", "{D1D7AF11-8247-484C-8CB1-D15F1A8DEDC8}"
EndProject
Global
	GlobalSection(SolutionConfigurationPlatforms) = preSolution
		Debug|Any CPU = Debug|Any CPU
		EasyTest|Any CPU = EasyTest|Any CPU
		Release|Any CPU = Release|Any CPU
	EndGlobalSection
	GlobalSection(ProjectConfigurationPlatforms) = postSolution
		{5F15837D-D1E5-44DC-92F0-4F2EBE9C3F8D}.Debug|Any CPU.ActiveCfg = Debug|Any CPU
		{5F15837D-D1E5-44DC-92F0-4F2EBE9C3F8D}.Debug|Any CPU.Build.0 = Debug|Any CPU
		{5F15837D-D1E5-44DC-92F0-4F2EBE9C3F8D}.EasyTest|Any CPU.ActiveCfg = EasyTest|Any CPU
		{5F15837D-D1E5-44DC-92F0-4F2EBE9C3F8D}.EasyTest|Any CPU.Build.0 = EasyTest|Any CPU
		{5F15837D-D1E5-44DC-92F0-4F2EBE9C3F8D}.Release|Any CPU.ActiveCfg = Release|Any CPU
		{5F15837D-D1E5-44DC-92F0-4F2EBE9C3F8D}.Release|Any CPU.Build.0 = Release|Any CPU
		{0C729AAD-7626-4668-A7F1-35F7D240489D}.Debug|Any CPU.ActiveCfg = Debug|Any CPU
		{0C729AAD-7626-4668-A7F1-35F7D240489D}.Debug|Any CPU.Build.0 = Debug|Any CPU
		{0C729AAD-7626-4668-A7F1-35F7D240489D}.EasyTest|Any CPU.ActiveCfg = EasyTest|Any CPU
		{0C729AAD-7626-4668-A7F1-35F7D240489D}.EasyTest|Any CPU.Build.0 = EasyTest|Any CPU
		{0C729AAD-7626-4668-A7F1-35F7D240489D}.Release|Any CPU.ActiveCfg = Release|Any CPU
		{0C729AAD-7626-4668-A7F1-35F7D240489D}.Release|Any CPU.Build.0 = Release|Any CPU
		{82A6DBC9-B1B4-44E4-9718-55DF930CD349}.Debug|Any CPU.ActiveCfg = Debug|Any CPU
		{82A6DBC9-B1B4-44E4-9718-55DF930CD349}.Debug|Any CPU.Build.0 = Debug|Any CPU
		{82A6DBC9-B1B4-44E4-9718-55DF930CD349}.EasyTest|Any CPU.ActiveCfg = EasyTest|Any CPU
		{82A6DBC9-B1B4-44E4-9718-55DF930CD349}.EasyTest|Any CPU.Build.0 = EasyTest|Any CPU
		{82A6DBC9-B1B4-44E4-9718-55DF930CD349}.Release|Any CPU.ActiveCfg = Release|Any CPU
		{82A6DBC9-B1B4-44E4-9718-55DF930CD349}.Release|Any CPU.Build.0 = Release|Any CPU
		{7964F87D-BC5D-4C4E-8B2F-71E89739AA97}.Debug|Any CPU.ActiveCfg = Debug|Any CPU
		{7964F87D-BC5D-4C4E-8B2F-71E89739AA97}.Debug|Any CPU.Build.0 = Debug|Any CPU
		{7964F87D-BC5D-4C4E-8B2F-71E89739AA97}.EasyTest|Any CPU.ActiveCfg = EasyTest|Any CPU
		{7964F87D-BC5D-4C4E-8B2F-71E89739AA97}.EasyTest|Any CPU.Build.0 = EasyTest|Any CPU
		{7964F87D-BC5D-4C4E-8B2F-71E89739AA97}.Release|Any CPU.ActiveCfg = Release|Any CPU
		{7964F87D-BC5D-4C4E-8B2F-71E89739AA97}.Release|Any CPU.Build.0 = Release|Any CPU
		{D05D93DF-312D-4D4E-B980-726871EC7833}.Debug|Any CPU.ActiveCfg = Debug|Any CPU
		{D05D93DF-312D-4D4E-B980-726871EC7833}.Debug|Any CPU.Build.0 = Debug|Any CPU
		{D05D93DF-312D-4D4E-B980-726871EC7833}.EasyTest|Any CPU.ActiveCfg = EasyTest|Any CPU
		{D05D93DF-312D-4D4E-B980-726871EC7833}.EasyTest|Any CPU.Build.0 = EasyTest|Any CPU
		{D05D93DF-312D-4D4E-B980-726871EC7833}.Release|Any CPU.ActiveCfg = Release|Any CPU
		{D05D93DF-312D-4D4E-B980-726871EC7833}.Release|Any CPU.Build.0 = Release|Any CPU
		{B9EF03FF-D05B-4FD4-A8E9-F90D819CB1DC}.Debug|Any CPU.ActiveCfg = Debug|Any CPU
		{B9EF03FF-D05B-4FD4-A8E9-F90D819CB1DC}.Debug|Any CPU.Build.0 = Debug|Any CPU
		{B9EF03FF-D05B-4FD4-A8E9-F90D819CB1DC}.EasyTest|Any CPU.ActiveCfg = Release|Any CPU
		{B9EF03FF-D05B-4FD4-A8E9-F90D819CB1DC}.EasyTest|Any CPU.Build.0 = Release|Any CPU
		{B9EF03FF-D05B-4FD4-A8E9-F90D819CB1DC}.Release|Any CPU.ActiveCfg = Release|Any CPU
		{B9EF03FF-D05B-4FD4-A8E9-F90D819CB1DC}.Release|Any CPU.Build.0 = Release|Any CPU
		{A0CBF966-805D-4532-8F04-2106E5C963F9}.Debug|Any CPU.ActiveCfg = Debug|Any CPU
		{A0CBF966-805D-4532-8F04-2106E5C963F9}.Debug|Any CPU.Build.0 = Debug|Any CPU
		{A0CBF966-805D-4532-8F04-2106E5C963F9}.EasyTest|Any CPU.ActiveCfg = Release|Any CPU
		{A0CBF966-805D-4532-8F04-2106E5C963F9}.EasyTest|Any CPU.Build.0 = Release|Any CPU
		{A0CBF966-805D-4532-8F04-2106E5C963F9}.Release|Any CPU.ActiveCfg = Release|Any CPU
		{A0CBF966-805D-4532-8F04-2106E5C963F9}.Release|Any CPU.Build.0 = Release|Any CPU
		{D1D7AF11-8247-484C-8CB1-D15F1A8DEDC8}.Debug|Any CPU.ActiveCfg = Debug|Any CPU
		{D1D7AF11-8247-484C-8CB1-D15F1A8DEDC8}.Debug|Any CPU.Build.0 = Debug|Any CPU
		{D1D7AF11-8247-484C-8CB1-D15F1A8DEDC8}.EasyTest|Any CPU.ActiveCfg = Release|Any CPU
		{D1D7AF11-8247-484C-8CB1-D15F1A8DEDC8}.EasyTest|Any CPU.Build.0 = Release|Any CPU
		{D1D7AF11-8247-484C-8CB1-D15F1A8DEDC8}.Release|Any CPU.ActiveCfg = Release|Any CPU
		{D1D7AF11-8247-484C-8CB1-D15F1A8DEDC8}.Release|Any CPU.Build.0 = Release|Any CPU
	EndGlobalSection
	GlobalSection(SolutionProperties) = preSolution
		HideSolutionNode = FALSE
	EndGlobalSection
EndGlobal
