
Microsoft Visual Studio Solution File, Format Version 12.00
# Visual Studio 14
VisualStudioVersion = 14.0.24720.0
MinimumVisualStudioVersion = 10.0.40219.1
Project("{FAE04EC0-301F-11D3-BF4B-00C04F79EFBC}") = "PasteDemo.Module", "PasteDemo.Module\PasteDemo.Module.csproj", "{5F15837D-D1E5-44DC-92F0-4F2EBE9C3F8D}"
EndProject
Project("{FAE04EC0-301F-11D3-BF4B-00C04F79EFBC}") = "PasteDemo.Module.Win", "PasteDemo.Module.Win\PasteDemo.Module.Win.csproj", "{7964F87D-BC5D-4C4E-8B2F-71E89739AA97}"
EndProject
Project("{FAE04EC0-301F-11D3-BF4B-00C04F79EFBC}") = "PasteDemo.Win", "PasteDemo.Win\PasteDemo.Win.csproj", "{D05D93DF-312D-4D4E-B980-726871EC7833}"
EndProject
Project("{FAE04EC0-301F-11D3-BF4B-00C04F79EFBC}") = "PasteDemo.UnitTests", "PasteDemo.UnitTests\PasteDemo.UnitTests.csproj", "{D384BDBB-8B10-4DC2-97E9-044A2B3E2ED4}"
EndProject
Project("{FAE04EC0-301F-11D3-BF4B-00C04F79EFBC}") = "Xafology.ExpressApp.Paste.Win", "..\Xafology.ExpressApp.Paste.Win\Xafology.ExpressApp.Paste.Win.csproj", "{9BC86782-A468-49C5-86B6-FE63DE695D7A}"
EndProject
Global
	GlobalSection(SolutionConfigurationPlatforms) = preSolution
		Debug|Any CPU = Debug|Any CPU
		EasyTest|Any CPU = EasyTest|Any CPU
		Release|Any CPU = Release|Any CPU
	EndGlobalSection
	GlobalSection(ProjectConfigurationPlatforms) = postSolution
		{5F15837D-D1E5-44DC-92F0-4F2EBE9C3F8D}.Debug|Any CPU.ActiveCfg = Debug|Any CPU
		{5F15837D-D1E5-44DC-92F0-4F2EBE9C3F8D}.Debug|Any CPU.Build.0 = Debug|Any CPU
		{5F15837D-D1E5-44DC-92F0-4F2EBE9C3F8D}.EasyTest|Any CPU.ActiveCfg = EasyTest|Any CPU
		{5F15837D-D1E5-44DC-92F0-4F2EBE9C3F8D}.EasyTest|Any CPU.Build.0 = EasyTest|Any CPU
		{5F15837D-D1E5-44DC-92F0-4F2EBE9C3F8D}.Release|Any CPU.ActiveCfg = Release|Any CPU
		{5F15837D-D1E5-44DC-92F0-4F2EBE9C3F8D}.Release|Any CPU.Build.0 = Release|Any CPU
		{7964F87D-BC5D-4C4E-8B2F-71E89739AA97}.Debug|Any CPU.ActiveCfg = Debug|Any CPU
		{7964F87D-BC5D-4C4E-8B2F-71E89739AA97}.Debug|Any CPU.Build.0 = Debug|Any CPU
		{7964F87D-BC5D-4C4E-8B2F-71E89739AA97}.EasyTest|Any CPU.ActiveCfg = EasyTest|Any CPU
		{7964F87D-BC5D-4C4E-8B2F-71E89739AA97}.EasyTest|Any CPU.Build.0 = EasyTest|Any CPU
		{7964F87D-BC5D-4C4E-8B2F-71E89739AA97}.Release|Any CPU.ActiveCfg = Release|Any CPU
		{7964F87D-BC5D-4C4E-8B2F-71E89739AA97}.Release|Any CPU.Build.0 = Release|Any CPU
		{D05D93DF-312D-4D4E-B980-726871EC7833}.Debug|Any CPU.ActiveCfg = Debug|Any CPU
		{D05D93DF-312D-4D4E-B980-726871EC7833}.Debug|Any CPU.Build.0 = Debug|Any CPU
		{D05D93DF-312D-4D4E-B980-726871EC7833}.EasyTest|Any CPU.ActiveCfg = EasyTest|Any CPU
		{D05D93DF-312D-4D4E-B980-726871EC7833}.EasyTest|Any CPU.Build.0 = EasyTest|Any CPU
		{D05D93DF-312D-4D4E-B980-726871EC7833}.Release|Any CPU.ActiveCfg = Release|Any CPU
		{D05D93DF-312D-4D4E-B980-726871EC7833}.Release|Any CPU.Build.0 = Release|Any CPU
		{D384BDBB-8B10-4DC2-97E9-044A2B3E2ED4}.Debug|Any CPU.ActiveCfg = Debug|Any CPU
		{D384BDBB-8B10-4DC2-97E9-044A2B3E2ED4}.Debug|Any CPU.Build.0 = Debug|Any CPU
		{D384BDBB-8B10-4DC2-97E9-044A2B3E2ED4}.EasyTest|Any CPU.ActiveCfg = Release|Any CPU
		{D384BDBB-8B10-4DC2-97E9-044A2B3E2ED4}.EasyTest|Any CPU.Build.0 = Release|Any CPU
		{D384BDBB-8B10-4DC2-97E9-044A2B3E2ED4}.Release|Any CPU.ActiveCfg = Release|Any CPU
		{D384BDBB-8B10-4DC2-97E9-044A2B3E2ED4}.Release|Any CPU.Build.0 = Release|Any CPU
		{9BC86782-A468-49C5-86B6-FE63DE695D7A}.Debug|Any CPU.ActiveCfg = Debug|Any CPU
		{9BC86782-A468-49C5-86B6-FE63DE695D7A}.Debug|Any CPU.Build.0 = Debug|Any CPU
		{9BC86782-A468-49C5-86B6-FE63DE695D7A}.EasyTest|Any CPU.ActiveCfg = Release|Any CPU
		{9BC86782-A468-49C5-86B6-FE63DE695D7A}.EasyTest|Any CPU.Build.0 = Release|Any CPU
		{9BC86782-A468-49C5-86B6-FE63DE695D7A}.Release|Any CPU.ActiveCfg = Release|Any CPU
		{9BC86782-A468-49C5-86B6-FE63DE695D7A}.Release|Any CPU.Build.0 = Release|Any CPU
	EndGlobalSection
	GlobalSection(SolutionProperties) = preSolution
		HideSolutionNode = FALSE
	EndGlobalSection
EndGlobal
